// !$*UTF8*$!
{
	archiveVersion = 1;
	classes = {
	};
	objectVersion = 56;
	objects = {

/* Begin PBXBuildFile section */
		D80930F02E96109900FEAEE3 /* GameConfigsModel.swift in Sources */ = {isa = PBXBuildFile; fileRef = D80930EF2E96109900FEAEE3 /* GameConfigsModel.swift */; };
		D80930F22E961CF300FEAEE3 /* EndGameModel.swift in Sources */ = {isa = PBXBuildFile; fileRef = D80930F12E961CF300FEAEE3 /* EndGameModel.swift */; };
		D823EE752E8FD2370074C071 /* StatPanel.swift in Sources */ = {isa = PBXBuildFile; fileRef = D823EE742E8FD2370074C071 /* StatPanel.swift */; };
		D84ED7E22C44AA0B0043995D /* LeaderboardEntry.swift in Sources */ = {isa = PBXBuildFile; fileRef = D84ED7E12C44AA0B0043995D /* LeaderboardEntry.swift */; };
		D85BB2612EB33D5000D1D25F /* RegularGameSession.swift in Sources */ = {isa = PBXBuildFile; fileRef = D85BB2602EB33D5000D1D25F /* RegularGameSession.swift */; };
		D85BB2632EB33EEE00D1D25F /* CustomGameSession.swift in Sources */ = {isa = PBXBuildFile; fileRef = D85BB2622EB33EEE00D1D25F /* CustomGameSession.swift */; };
		D85BB2652EB40E7A00D1D25F /* RegularMultiplayerEndGameModel.swift in Sources */ = {isa = PBXBuildFile; fileRef = D85BB2642EB40E7A00D1D25F /* RegularMultiplayerEndGameModel.swift */; };
		D85BB2672EB42E4700D1D25F /* CustomMultiplayerEndGameModel.swift in Sources */ = {isa = PBXBuildFile; fileRef = D85BB2662EB42E4700D1D25F /* CustomMultiplayerEndGameModel.swift */; };
		D85BB26F2EB9454900D1D25F /* EndGameActionButtons.swift in Sources */ = {isa = PBXBuildFile; fileRef = D85BB2682EB9454900D1D25F /* EndGameActionButtons.swift */; };
		D85BB2702EB9454900D1D25F /* EndGameHeader.swift in Sources */ = {isa = PBXBuildFile; fileRef = D85BB26A2EB9454900D1D25F /* EndGameHeader.swift */; };
		D85BB2722EB9454900D1D25F /* EndGameResultsList.swift in Sources */ = {isa = PBXBuildFile; fileRef = D85BB26C2EB9454900D1D25F /* EndGameResultsList.swift */; };
		D85BB2732EB9454900D1D25F /* EndGameErrorBanner.swift in Sources */ = {isa = PBXBuildFile; fileRef = D85BB2692EB9454900D1D25F /* EndGameErrorBanner.swift */; };
		D85BB2742EB9454900D1D25F /* EndGameLoadingOverlay.swift in Sources */ = {isa = PBXBuildFile; fileRef = D85BB26B2EB9454900D1D25F /* EndGameLoadingOverlay.swift */; };
		D85BB2752EB9454900D1D25F /* EndGameStatsCards.swift in Sources */ = {isa = PBXBuildFile; fileRef = D85BB26D2EB9454900D1D25F /* EndGameStatsCards.swift */; };
		D85BB28F2EBA763800D1D25F /* DeepLinkHandler.swift in Sources */ = {isa = PBXBuildFile; fileRef = D85BB28E2EBA763800D1D25F /* DeepLinkHandler.swift */; };
		D863BB622BF8049600A8825C /* TimeSelector.swift in Sources */ = {isa = PBXBuildFile; fileRef = D863BB612BF8049600A8825C /* TimeSelector.swift */; };
		D87282802E8D920C00C36890 /* AuthView.swift in Sources */ = {isa = PBXBuildFile; fileRef = D87282752E8D920C00C36890 /* AuthView.swift */; };
		D87282812E8D920C00C36890 /* EndGameView.swift in Sources */ = {isa = PBXBuildFile; fileRef = D87282762E8D920C00C36890 /* EndGameView.swift */; };
		D87282822E8D920C00C36890 /* ExtraOptionsView.swift in Sources */ = {isa = PBXBuildFile; fileRef = D87282772E8D920C00C36890 /* ExtraOptionsView.swift */; };
		D87282832E8D920C00C36890 /* ForgotPasswordView.swift in Sources */ = {isa = PBXBuildFile; fileRef = D87282782E8D920C00C36890 /* ForgotPasswordView.swift */; };
		D87282842E8D920C00C36890 /* GameView.swift in Sources */ = {isa = PBXBuildFile; fileRef = D87282792E8D920C00C36890 /* GameView.swift */; };
		D87282852E8D920C00C36890 /* HomeView.swift in Sources */ = {isa = PBXBuildFile; fileRef = D872827A2E8D920C00C36890 /* HomeView.swift */; };
		D87282862E8D920C00C36890 /* LeaderboardView.swift in Sources */ = {isa = PBXBuildFile; fileRef = D872827B2E8D920C00C36890 /* LeaderboardView.swift */; };
		D87282872E8D920C00C36890 /* MissedQuestionsDisplay.swift in Sources */ = {isa = PBXBuildFile; fileRef = D872827C2E8D920C00C36890 /* MissedQuestionsDisplay.swift */; };
		D87282882E8D920C00C36890 /* StatsView.swift in Sources */ = {isa = PBXBuildFile; fileRef = D872827D2E8D920C00C36890 /* StatsView.swift */; };
		D87282892E8D920C00C36890 /* TimeTrialView.swift in Sources */ = {isa = PBXBuildFile; fileRef = D872827E2E8D920C00C36890 /* TimeTrialView.swift */; };
		D872828D2E8DA69900C36890 /* DeviceModel.swift in Sources */ = {isa = PBXBuildFile; fileRef = D872828C2E8DA69900C36890 /* DeviceModel.swift */; };
		D872828F2E8DA6EF00C36890 /* AuthInfoModel.swift in Sources */ = {isa = PBXBuildFile; fileRef = D872828E2E8DA6EF00C36890 /* AuthInfoModel.swift */; };
		D87282922E8DA76700C36890 /* AppModel.swift in Sources */ = {isa = PBXBuildFile; fileRef = D87282912E8DA76700C36890 /* AppModel.swift */; };
		D87282942E8DA8EC00C36890 /* GameModel.swift in Sources */ = {isa = PBXBuildFile; fileRef = D87282932E8DA8EC00C36890 /* GameModel.swift */; };
		D87282C02E8DAE2100C36890 /* ViewExtensions.swift in Sources */ = {isa = PBXBuildFile; fileRef = D87282BF2E8DAE1D00C36890 /* ViewExtensions.swift */; };
		D87283102E8E043B00C36890 /* InGameStats.swift in Sources */ = {isa = PBXBuildFile; fileRef = D872830F2E8E042600C36890 /* InGameStats.swift */; };
		D87283142E8E40C600C36890 /* RollingNumber.swift in Sources */ = {isa = PBXBuildFile; fileRef = D87283132E8E40C600C36890 /* RollingNumber.swift */; };
		D87283162E8E428F00C36890 /* CollectionExtensions.swift in Sources */ = {isa = PBXBuildFile; fileRef = D87283152E8E427700C36890 /* CollectionExtensions.swift */; };
		D87EFEB32E91AFBC00D5F4A5 /* Launch Screen.storyboard in Resources */ = {isa = PBXBuildFile; fileRef = D87EFEB22E91AFBC00D5F4A5 /* Launch Screen.storyboard */; };
		D886E8D22C3AD8350054DD61 /* AuthService.swift in Sources */ = {isa = PBXBuildFile; fileRef = D886E8D12C3AD8350054DD61 /* AuthService.swift */; };
		D886E8D42C3ADA290054DD61 /* LoadingSpinner.swift in Sources */ = {isa = PBXBuildFile; fileRef = D886E8D32C3ADA290054DD61 /* LoadingSpinner.swift */; };
		D88AD2C12E8FAB450036BF62 /* ConfettiSwiftUI in Frameworks */ = {isa = PBXBuildFile; productRef = D88AD2C02E8FAB450036BF62 /* ConfettiSwiftUI */; };
		D89306752EB08722007057AC /* CustomLobbyInfoView.swift in Sources */ = {isa = PBXBuildFile; fileRef = D89306742EB08722007057AC /* CustomLobbyInfoView.swift */; };
		D89306792EB08D39007057AC /* CustomLobbyInfoModel.swift in Sources */ = {isa = PBXBuildFile; fileRef = D89306782EB08D39007057AC /* CustomLobbyInfoModel.swift */; };
		D893067B2EB1026B007057AC /* EnterCodeView.swift in Sources */ = {isa = PBXBuildFile; fileRef = D893067A2EB1026B007057AC /* EnterCodeView.swift */; };
		D893067D2EB1178D007057AC /* CreatingLobbyView.swift in Sources */ = {isa = PBXBuildFile; fileRef = D893067C2EB1178D007057AC /* CreatingLobbyView.swift */; };
		D893067F2EB11C4E007057AC /* LobbyView.swift in Sources */ = {isa = PBXBuildFile; fileRef = D893067E2EB11C4E007057AC /* LobbyView.swift */; };
		D89306812EB17170007057AC /* BouncingDotsLoader.swift in Sources */ = {isa = PBXBuildFile; fileRef = D89306802EB17170007057AC /* BouncingDotsLoader.swift */; };
		D89306832EB1CBC9007057AC /* LobbyPlayerSlot.swift in Sources */ = {isa = PBXBuildFile; fileRef = D89306822EB1CBC9007057AC /* LobbyPlayerSlot.swift */; };
		D89306852EB1D8EA007057AC /* AnimatedCheckmark.swift in Sources */ = {isa = PBXBuildFile; fileRef = D89306842EB1D8EA007057AC /* AnimatedCheckmark.swift */; };
		D89306872EB2A0B9007057AC /* AnimatedErrorMark.swift in Sources */ = {isa = PBXBuildFile; fileRef = D89306862EB2A0B9007057AC /* AnimatedErrorMark.swift */; };
		D89306892EB2B68B007057AC /* LobbyStatusDisplay.swift in Sources */ = {isa = PBXBuildFile; fileRef = D89306882EB2B68B007057AC /* LobbyStatusDisplay.swift */; };
		D897986B2EA4157700440837 /* MultiplayerService.swift in Sources */ = {isa = PBXBuildFile; fileRef = D897986A2EA4157700440837 /* MultiplayerService.swift */; };
		D897986D2EA4158700440837 /* FirestoreModels.swift in Sources */ = {isa = PBXBuildFile; fileRef = D897986C2EA4158700440837 /* FirestoreModels.swift */; };
		D89798702EA4160A00440837 /* FirebaseFirestore in Frameworks */ = {isa = PBXBuildFile; productRef = D897986F2EA4160A00440837 /* FirebaseFirestore */; };
		D89798722EA4394B00440837 /* LastPracticeDisplay.swift in Sources */ = {isa = PBXBuildFile; fileRef = D89798712EA4394B00440837 /* LastPracticeDisplay.swift */; };
		D89798742EA497DA00440837 /* GameStorageExtension.swift in Sources */ = {isa = PBXBuildFile; fileRef = D89798732EA497DA00440837 /* GameStorageExtension.swift */; };
		D89798772EA4AB6900440837 /* ModeCard.swift in Sources */ = {isa = PBXBuildFile; fileRef = D89798752EA4AB6900440837 /* ModeCard.swift */; };
		D89798782EA4AB6900440837 /* SectionHeader.swift in Sources */ = {isa = PBXBuildFile; fileRef = D89798762EA4AB6900440837 /* SectionHeader.swift */; };
		D897987A2EA5A42C00440837 /* HapticManager.swift in Sources */ = {isa = PBXBuildFile; fileRef = D89798792EA5A42C00440837 /* HapticManager.swift */; };
		D897987C2EA61B1900440837 /* MissedQuestionCard.swift in Sources */ = {isa = PBXBuildFile; fileRef = D897987B2EA61B1900440837 /* MissedQuestionCard.swift */; };
		D897987E2EA6C16000440837 /* WaitingRoomView.swift in Sources */ = {isa = PBXBuildFile; fileRef = D897987D2EA6C16000440837 /* WaitingRoomView.swift */; };
		D89798802EA6C21600440837 /* MultiplayerInfoView.swift in Sources */ = {isa = PBXBuildFile; fileRef = D897987F2EA6C21600440837 /* MultiplayerInfoView.swift */; };
		D89798822EA6C63B00440837 /* RacingProgressBar.swift in Sources */ = {isa = PBXBuildFile; fileRef = D89798812EA6C63B00440837 /* RacingProgressBar.swift */; };
		D89798852EA6CF6F00440837 /* ConnectingLine.swift in Sources */ = {isa = PBXBuildFile; fileRef = D89798832EA6CF6F00440837 /* ConnectingLine.swift */; };
		D89798862EA6CF6F00440837 /* ProgressNode.swift in Sources */ = {isa = PBXBuildFile; fileRef = D89798842EA6CF6F00440837 /* ProgressNode.swift */; };
		D89798882EA7463300440837 /* MultiplayerGameView.swift in Sources */ = {isa = PBXBuildFile; fileRef = D89798872EA7463300440837 /* MultiplayerGameView.swift */; };
		D897988A2EA81D7D00440837 /* GoogleService-Info.plist in Resources */ = {isa = PBXBuildFile; fileRef = D89798892EA81D7D00440837 /* GoogleService-Info.plist */; };
		D897988B2EA81D7D00440837 /* GoogleService-Info.plist in Resources */ = {isa = PBXBuildFile; fileRef = D89798892EA81D7D00440837 /* GoogleService-Info.plist */; };
		D897988C2EA81D7D00440837 /* GoogleService-Info.plist in Resources */ = {isa = PBXBuildFile; fileRef = D89798892EA81D7D00440837 /* GoogleService-Info.plist */; };
		D897988E2EA81DB600440837 /* FirebaseAnalytics in Frameworks */ = {isa = PBXBuildFile; productRef = D897988D2EA81DB600440837 /* FirebaseAnalytics */; };
		D89798902EA81DB600440837 /* FirebaseCore in Frameworks */ = {isa = PBXBuildFile; productRef = D897988F2EA81DB600440837 /* FirebaseCore */; };
		D89798922EA8AD5900440837 /* MultiplayerEndGameView.swift in Sources */ = {isa = PBXBuildFile; fileRef = D89798912EA8AD5900440837 /* MultiplayerEndGameView.swift */; };
		D89798942EA987FC00440837 /* MultiplayerEndGameModel.swift in Sources */ = {isa = PBXBuildFile; fileRef = D89798932EA987FC00440837 /* MultiplayerEndGameModel.swift */; };
		D897989A2EAAD88C00440837 /* EasySkeleton in Frameworks */ = {isa = PBXBuildFile; productRef = D89798992EAAD88C00440837 /* EasySkeleton */; };
		D897989C2EAC578200440837 /* NetworkMonitor.swift in Sources */ = {isa = PBXBuildFile; fileRef = D897989B2EAC578200440837 /* NetworkMonitor.swift */; };
		D89C3C462E8FB2CD00C265A1 /* KeyPadButton.swift in Sources */ = {isa = PBXBuildFile; fileRef = D89C3C452E8FB2CD00C265A1 /* KeyPadButton.swift */; };
		D8BAFEF62A09A12400D49C49 /* QuickMentalMathApp.swift in Sources */ = {isa = PBXBuildFile; fileRef = D8BAFEF52A09A12400D49C49 /* QuickMentalMathApp.swift */; };
		D8BAFEF82A09A12400D49C49 /* ContentView.swift in Sources */ = {isa = PBXBuildFile; fileRef = D8BAFEF72A09A12400D49C49 /* ContentView.swift */; };
		D8BAFEFA2A09A12500D49C49 /* Assets.xcassets in Resources */ = {isa = PBXBuildFile; fileRef = D8BAFEF92A09A12500D49C49 /* Assets.xcassets */; };
		D8BAFEFE2A09A12500D49C49 /* Preview Assets.xcassets in Resources */ = {isa = PBXBuildFile; fileRef = D8BAFEFD2A09A12500D49C49 /* Preview Assets.xcassets */; };
		D8BAFF082A09A12500D49C49 /* QuickMentalMathTests.swift in Sources */ = {isa = PBXBuildFile; fileRef = D8BAFF072A09A12500D49C49 /* QuickMentalMathTests.swift */; };
		D8BAFF122A09A12500D49C49 /* QuickMentalMathUITests.swift in Sources */ = {isa = PBXBuildFile; fileRef = D8BAFF112A09A12500D49C49 /* QuickMentalMathUITests.swift */; };
		D8BAFF142A09A12500D49C49 /* QuickMentalMathUITestsLaunchTests.swift in Sources */ = {isa = PBXBuildFile; fileRef = D8BAFF132A09A12500D49C49 /* QuickMentalMathUITestsLaunchTests.swift */; };
		D8E279222BB8E36D009B029E /* DifficultySelector.swift in Sources */ = {isa = PBXBuildFile; fileRef = D8E279212BB8E36D009B029E /* DifficultySelector.swift */; };
		D8F7B7BB2C3FB0CE005CFCF0 /* SideBar.swift in Sources */ = {isa = PBXBuildFile; fileRef = D8F7B7BA2C3FB0CE005CFCF0 /* SideBar.swift */; };
/* End PBXBuildFile section */

/* Begin PBXContainerItemProxy section */
		D8BAFF042A09A12500D49C49 /* PBXContainerItemProxy */ = {
			isa = PBXContainerItemProxy;
			containerPortal = D8BAFEEA2A09A12400D49C49 /* Project object */;
			proxyType = 1;
			remoteGlobalIDString = D8BAFEF12A09A12400D49C49;
			remoteInfo = QuickMentalMath;
		};
		D8BAFF0E2A09A12500D49C49 /* PBXContainerItemProxy */ = {
			isa = PBXContainerItemProxy;
			containerPortal = D8BAFEEA2A09A12400D49C49 /* Project object */;
			proxyType = 1;
			remoteGlobalIDString = D8BAFEF12A09A12400D49C49;
			remoteInfo = QuickMentalMath;
		};
/* End PBXContainerItemProxy section */

/* Begin PBXFileReference section */
		D80930EF2E96109900FEAEE3 /* GameConfigsModel.swift */ = {isa = PBXFileReference; lastKnownFileType = sourcecode.swift; path = GameConfigsModel.swift; sourceTree = "<group>"; };
		D80930F12E961CF300FEAEE3 /* EndGameModel.swift */ = {isa = PBXFileReference; lastKnownFileType = sourcecode.swift; path = EndGameModel.swift; sourceTree = "<group>"; };
		D823EE742E8FD2370074C071 /* StatPanel.swift */ = {isa = PBXFileReference; lastKnownFileType = sourcecode.swift; path = StatPanel.swift; sourceTree = "<group>"; };
		D84ED7E12C44AA0B0043995D /* LeaderboardEntry.swift */ = {isa = PBXFileReference; lastKnownFileType = sourcecode.swift; path = LeaderboardEntry.swift; sourceTree = "<group>"; };
		D85BB2602EB33D5000D1D25F /* RegularGameSession.swift */ = {isa = PBXFileReference; lastKnownFileType = sourcecode.swift; path = RegularGameSession.swift; sourceTree = "<group>"; };
		D85BB2622EB33EEE00D1D25F /* CustomGameSession.swift */ = {isa = PBXFileReference; lastKnownFileType = sourcecode.swift; path = CustomGameSession.swift; sourceTree = "<group>"; };
		D85BB2642EB40E7A00D1D25F /* RegularMultiplayerEndGameModel.swift */ = {isa = PBXFileReference; lastKnownFileType = sourcecode.swift; path = RegularMultiplayerEndGameModel.swift; sourceTree = "<group>"; };
		D85BB2662EB42E4700D1D25F /* CustomMultiplayerEndGameModel.swift */ = {isa = PBXFileReference; lastKnownFileType = sourcecode.swift; path = CustomMultiplayerEndGameModel.swift; sourceTree = "<group>"; };
		D85BB2682EB9454900D1D25F /* EndGameActionButtons.swift */ = {isa = PBXFileReference; lastKnownFileType = sourcecode.swift; path = EndGameActionButtons.swift; sourceTree = "<group>"; };
		D85BB2692EB9454900D1D25F /* EndGameErrorBanner.swift */ = {isa = PBXFileReference; lastKnownFileType = sourcecode.swift; path = EndGameErrorBanner.swift; sourceTree = "<group>"; };
		D85BB26A2EB9454900D1D25F /* EndGameHeader.swift */ = {isa = PBXFileReference; lastKnownFileType = sourcecode.swift; path = EndGameHeader.swift; sourceTree = "<group>"; };
		D85BB26B2EB9454900D1D25F /* EndGameLoadingOverlay.swift */ = {isa = PBXFileReference; lastKnownFileType = sourcecode.swift; path = EndGameLoadingOverlay.swift; sourceTree = "<group>"; };
		D85BB26C2EB9454900D1D25F /* EndGameResultsList.swift */ = {isa = PBXFileReference; lastKnownFileType = sourcecode.swift; path = EndGameResultsList.swift; sourceTree = "<group>"; };
		D85BB26D2EB9454900D1D25F /* EndGameStatsCards.swift */ = {isa = PBXFileReference; lastKnownFileType = sourcecode.swift; path = EndGameStatsCards.swift; sourceTree = "<group>"; };
		D85BB28E2EBA763800D1D25F /* DeepLinkHandler.swift */ = {isa = PBXFileReference; lastKnownFileType = sourcecode.swift; path = DeepLinkHandler.swift; sourceTree = "<group>"; };
		D863BB612BF8049600A8825C /* TimeSelector.swift */ = {isa = PBXFileReference; lastKnownFileType = sourcecode.swift; path = TimeSelector.swift; sourceTree = "<group>"; };
		D87282752E8D920C00C36890 /* AuthView.swift */ = {isa = PBXFileReference; lastKnownFileType = sourcecode.swift; path = AuthView.swift; sourceTree = "<group>"; };
		D87282762E8D920C00C36890 /* EndGameView.swift */ = {isa = PBXFileReference; lastKnownFileType = sourcecode.swift; path = EndGameView.swift; sourceTree = "<group>"; };
		D87282772E8D920C00C36890 /* ExtraOptionsView.swift */ = {isa = PBXFileReference; lastKnownFileType = sourcecode.swift; path = ExtraOptionsView.swift; sourceTree = "<group>"; };
		D87282782E8D920C00C36890 /* ForgotPasswordView.swift */ = {isa = PBXFileReference; lastKnownFileType = sourcecode.swift; path = ForgotPasswordView.swift; sourceTree = "<group>"; };
		D87282792E8D920C00C36890 /* GameView.swift */ = {isa = PBXFileReference; lastKnownFileType = sourcecode.swift; path = GameView.swift; sourceTree = "<group>"; };
		D872827A2E8D920C00C36890 /* HomeView.swift */ = {isa = PBXFileReference; lastKnownFileType = sourcecode.swift; path = HomeView.swift; sourceTree = "<group>"; };
		D872827B2E8D920C00C36890 /* LeaderboardView.swift */ = {isa = PBXFileReference; lastKnownFileType = sourcecode.swift; path = LeaderboardView.swift; sourceTree = "<group>"; };
		D872827C2E8D920C00C36890 /* MissedQuestionsDisplay.swift */ = {isa = PBXFileReference; lastKnownFileType = sourcecode.swift; path = MissedQuestionsDisplay.swift; sourceTree = "<group>"; };
		D872827D2E8D920C00C36890 /* StatsView.swift */ = {isa = PBXFileReference; lastKnownFileType = sourcecode.swift; path = StatsView.swift; sourceTree = "<group>"; };
		D872827E2E8D920C00C36890 /* TimeTrialView.swift */ = {isa = PBXFileReference; lastKnownFileType = sourcecode.swift; path = TimeTrialView.swift; sourceTree = "<group>"; };
		D872828C2E8DA69900C36890 /* DeviceModel.swift */ = {isa = PBXFileReference; lastKnownFileType = sourcecode.swift; path = DeviceModel.swift; sourceTree = "<group>"; };
		D872828E2E8DA6EF00C36890 /* AuthInfoModel.swift */ = {isa = PBXFileReference; lastKnownFileType = sourcecode.swift; path = AuthInfoModel.swift; sourceTree = "<group>"; };
		D87282912E8DA76700C36890 /* AppModel.swift */ = {isa = PBXFileReference; lastKnownFileType = sourcecode.swift; path = AppModel.swift; sourceTree = "<group>"; };
		D87282932E8DA8EC00C36890 /* GameModel.swift */ = {isa = PBXFileReference; lastKnownFileType = sourcecode.swift; path = GameModel.swift; sourceTree = "<group>"; };
		D87282BF2E8DAE1D00C36890 /* ViewExtensions.swift */ = {isa = PBXFileReference; lastKnownFileType = sourcecode.swift; path = ViewExtensions.swift; sourceTree = "<group>"; };
		D872830F2E8E042600C36890 /* InGameStats.swift */ = {isa = PBXFileReference; lastKnownFileType = sourcecode.swift; path = InGameStats.swift; sourceTree = "<group>"; };
		D87283132E8E40C600C36890 /* RollingNumber.swift */ = {isa = PBXFileReference; lastKnownFileType = sourcecode.swift; path = RollingNumber.swift; sourceTree = "<group>"; };
		D87283152E8E427700C36890 /* CollectionExtensions.swift */ = {isa = PBXFileReference; lastKnownFileType = sourcecode.swift; path = CollectionExtensions.swift; sourceTree = "<group>"; };
		D87EFEB22E91AFBC00D5F4A5 /* Launch Screen.storyboard */ = {isa = PBXFileReference; lastKnownFileType = file.storyboard; path = "Launch Screen.storyboard"; sourceTree = "<group>"; };
		D886E8D12C3AD8350054DD61 /* AuthService.swift */ = {isa = PBXFileReference; lastKnownFileType = sourcecode.swift; path = AuthService.swift; sourceTree = "<group>"; };
		D886E8D32C3ADA290054DD61 /* LoadingSpinner.swift */ = {isa = PBXFileReference; lastKnownFileType = sourcecode.swift; path = LoadingSpinner.swift; sourceTree = "<group>"; };
		D88D273D2A2D8B2C00E0EA63 /* Info.plist */ = {isa = PBXFileReference; lastKnownFileType = text.plist; path = Info.plist; sourceTree = "<group>"; };
		D89306742EB08722007057AC /* CustomLobbyInfoView.swift */ = {isa = PBXFileReference; lastKnownFileType = sourcecode.swift; path = CustomLobbyInfoView.swift; sourceTree = "<group>"; };
		D89306782EB08D39007057AC /* CustomLobbyInfoModel.swift */ = {isa = PBXFileReference; lastKnownFileType = sourcecode.swift; path = CustomLobbyInfoModel.swift; sourceTree = "<group>"; };
		D893067A2EB1026B007057AC /* EnterCodeView.swift */ = {isa = PBXFileReference; lastKnownFileType = sourcecode.swift; path = EnterCodeView.swift; sourceTree = "<group>"; };
		D893067C2EB1178D007057AC /* CreatingLobbyView.swift */ = {isa = PBXFileReference; lastKnownFileType = sourcecode.swift; path = CreatingLobbyView.swift; sourceTree = "<group>"; };
		D893067E2EB11C4E007057AC /* LobbyView.swift */ = {isa = PBXFileReference; lastKnownFileType = sourcecode.swift; path = LobbyView.swift; sourceTree = "<group>"; };
		D89306802EB17170007057AC /* BouncingDotsLoader.swift */ = {isa = PBXFileReference; lastKnownFileType = sourcecode.swift; path = BouncingDotsLoader.swift; sourceTree = "<group>"; };
		D89306822EB1CBC9007057AC /* LobbyPlayerSlot.swift */ = {isa = PBXFileReference; lastKnownFileType = sourcecode.swift; path = LobbyPlayerSlot.swift; sourceTree = "<group>"; };
		D89306842EB1D8EA007057AC /* AnimatedCheckmark.swift */ = {isa = PBXFileReference; lastKnownFileType = sourcecode.swift; path = AnimatedCheckmark.swift; sourceTree = "<group>"; };
		D89306862EB2A0B9007057AC /* AnimatedErrorMark.swift */ = {isa = PBXFileReference; lastKnownFileType = sourcecode.swift; path = AnimatedErrorMark.swift; sourceTree = "<group>"; };
		D89306882EB2B68B007057AC /* LobbyStatusDisplay.swift */ = {isa = PBXFileReference; lastKnownFileType = sourcecode.swift; path = LobbyStatusDisplay.swift; sourceTree = "<group>"; };
		D897986A2EA4157700440837 /* MultiplayerService.swift */ = {isa = PBXFileReference; lastKnownFileType = sourcecode.swift; path = MultiplayerService.swift; sourceTree = "<group>"; };
		D897986C2EA4158700440837 /* FirestoreModels.swift */ = {isa = PBXFileReference; lastKnownFileType = sourcecode.swift; path = FirestoreModels.swift; sourceTree = "<group>"; };
		D89798712EA4394B00440837 /* LastPracticeDisplay.swift */ = {isa = PBXFileReference; lastKnownFileType = sourcecode.swift; path = LastPracticeDisplay.swift; sourceTree = "<group>"; };
		D89798732EA497DA00440837 /* GameStorageExtension.swift */ = {isa = PBXFileReference; lastKnownFileType = sourcecode.swift; path = GameStorageExtension.swift; sourceTree = "<group>"; };
		D89798752EA4AB6900440837 /* ModeCard.swift */ = {isa = PBXFileReference; lastKnownFileType = sourcecode.swift; path = ModeCard.swift; sourceTree = "<group>"; };
		D89798762EA4AB6900440837 /* SectionHeader.swift */ = {isa = PBXFileReference; lastKnownFileType = sourcecode.swift; path = SectionHeader.swift; sourceTree = "<group>"; };
		D89798792EA5A42C00440837 /* HapticManager.swift */ = {isa = PBXFileReference; lastKnownFileType = sourcecode.swift; path = HapticManager.swift; sourceTree = "<group>"; };
		D897987B2EA61B1900440837 /* MissedQuestionCard.swift */ = {isa = PBXFileReference; lastKnownFileType = sourcecode.swift; path = MissedQuestionCard.swift; sourceTree = "<group>"; };
		D897987D2EA6C16000440837 /* WaitingRoomView.swift */ = {isa = PBXFileReference; lastKnownFileType = sourcecode.swift; path = WaitingRoomView.swift; sourceTree = "<group>"; };
		D897987F2EA6C21600440837 /* MultiplayerInfoView.swift */ = {isa = PBXFileReference; lastKnownFileType = sourcecode.swift; path = MultiplayerInfoView.swift; sourceTree = "<group>"; };
		D89798812EA6C63B00440837 /* RacingProgressBar.swift */ = {isa = PBXFileReference; lastKnownFileType = sourcecode.swift; path = RacingProgressBar.swift; sourceTree = "<group>"; };
		D89798832EA6CF6F00440837 /* ConnectingLine.swift */ = {isa = PBXFileReference; lastKnownFileType = sourcecode.swift; path = ConnectingLine.swift; sourceTree = "<group>"; };
		D89798842EA6CF6F00440837 /* ProgressNode.swift */ = {isa = PBXFileReference; lastKnownFileType = sourcecode.swift; path = ProgressNode.swift; sourceTree = "<group>"; };
		D89798872EA7463300440837 /* MultiplayerGameView.swift */ = {isa = PBXFileReference; lastKnownFileType = sourcecode.swift; path = MultiplayerGameView.swift; sourceTree = "<group>"; };
		D89798892EA81D7D00440837 /* GoogleService-Info.plist */ = {isa = PBXFileReference; lastKnownFileType = text.plist.xml; path = "GoogleService-Info.plist"; sourceTree = "<group>"; };
		D89798912EA8AD5900440837 /* MultiplayerEndGameView.swift */ = {isa = PBXFileReference; lastKnownFileType = sourcecode.swift; path = MultiplayerEndGameView.swift; sourceTree = "<group>"; };
		D89798932EA987FC00440837 /* MultiplayerEndGameModel.swift */ = {isa = PBXFileReference; lastKnownFileType = sourcecode.swift; path = MultiplayerEndGameModel.swift; sourceTree = "<group>"; };
		D897989B2EAC578200440837 /* NetworkMonitor.swift */ = {isa = PBXFileReference; lastKnownFileType = sourcecode.swift; path = NetworkMonitor.swift; sourceTree = "<group>"; };
		D89C3C452E8FB2CD00C265A1 /* KeyPadButton.swift */ = {isa = PBXFileReference; lastKnownFileType = sourcecode.swift; path = KeyPadButton.swift; sourceTree = "<group>"; };
		D8BAFEF22A09A12400D49C49 /* QuickMentalMath.app */ = {isa = PBXFileReference; explicitFileType = wrapper.application; includeInIndex = 0; path = QuickMentalMath.app; sourceTree = BUILT_PRODUCTS_DIR; };
		D8BAFEF52A09A12400D49C49 /* QuickMentalMathApp.swift */ = {isa = PBXFileReference; lastKnownFileType = sourcecode.swift; path = QuickMentalMathApp.swift; sourceTree = "<group>"; };
		D8BAFEF72A09A12400D49C49 /* ContentView.swift */ = {isa = PBXFileReference; lastKnownFileType = sourcecode.swift; path = ContentView.swift; sourceTree = "<group>"; };
		D8BAFEF92A09A12500D49C49 /* Assets.xcassets */ = {isa = PBXFileReference; lastKnownFileType = folder.assetcatalog; path = Assets.xcassets; sourceTree = "<group>"; };
		D8BAFEFB2A09A12500D49C49 /* QuickMentalMath.entitlements */ = {isa = PBXFileReference; lastKnownFileType = text.plist.entitlements; path = QuickMentalMath.entitlements; sourceTree = "<group>"; };
		D8BAFEFD2A09A12500D49C49 /* Preview Assets.xcassets */ = {isa = PBXFileReference; lastKnownFileType = folder.assetcatalog; path = "Preview Assets.xcassets"; sourceTree = "<group>"; };
		D8BAFF032A09A12500D49C49 /* QuickMentalMathTests.xctest */ = {isa = PBXFileReference; explicitFileType = wrapper.cfbundle; includeInIndex = 0; path = QuickMentalMathTests.xctest; sourceTree = BUILT_PRODUCTS_DIR; };
		D8BAFF072A09A12500D49C49 /* QuickMentalMathTests.swift */ = {isa = PBXFileReference; lastKnownFileType = sourcecode.swift; path = QuickMentalMathTests.swift; sourceTree = "<group>"; };
		D8BAFF0D2A09A12500D49C49 /* QuickMentalMathUITests.xctest */ = {isa = PBXFileReference; explicitFileType = wrapper.cfbundle; includeInIndex = 0; path = QuickMentalMathUITests.xctest; sourceTree = BUILT_PRODUCTS_DIR; };
		D8BAFF112A09A12500D49C49 /* QuickMentalMathUITests.swift */ = {isa = PBXFileReference; lastKnownFileType = sourcecode.swift; path = QuickMentalMathUITests.swift; sourceTree = "<group>"; };
		D8BAFF132A09A12500D49C49 /* QuickMentalMathUITestsLaunchTests.swift */ = {isa = PBXFileReference; lastKnownFileType = sourcecode.swift; path = QuickMentalMathUITestsLaunchTests.swift; sourceTree = "<group>"; };
		D8E279212BB8E36D009B029E /* DifficultySelector.swift */ = {isa = PBXFileReference; lastKnownFileType = sourcecode.swift; path = DifficultySelector.swift; sourceTree = "<group>"; };
		D8F7B7BA2C3FB0CE005CFCF0 /* SideBar.swift */ = {isa = PBXFileReference; lastKnownFileType = sourcecode.swift; path = SideBar.swift; sourceTree = "<group>"; };
/* End PBXFileReference section */

/* Begin PBXFrameworksBuildPhase section */
		D8BAFEEF2A09A12400D49C49 /* Frameworks */ = {
			isa = PBXFrameworksBuildPhase;
			buildActionMask = 2147483647;
			files = (
				D88AD2C12E8FAB450036BF62 /* ConfettiSwiftUI in Frameworks */,
				D89798702EA4160A00440837 /* FirebaseFirestore in Frameworks */,
				D897989A2EAAD88C00440837 /* EasySkeleton in Frameworks */,
				D89798902EA81DB600440837 /* FirebaseCore in Frameworks */,
				D897988E2EA81DB600440837 /* FirebaseAnalytics in Frameworks */,
			);
			runOnlyForDeploymentPostprocessing = 0;
		};
		D8BAFF002A09A12500D49C49 /* Frameworks */ = {
			isa = PBXFrameworksBuildPhase;
			buildActionMask = 2147483647;
			files = (
			);
			runOnlyForDeploymentPostprocessing = 0;
		};
		D8BAFF0A2A09A12500D49C49 /* Frameworks */ = {
			isa = PBXFrameworksBuildPhase;
			buildActionMask = 2147483647;
			files = (
			);
			runOnlyForDeploymentPostprocessing = 0;
		};
/* End PBXFrameworksBuildPhase section */

/* Begin PBXGroup section */
		D80930F32E96220C00FEAEE3 /* Structs */ = {
			isa = PBXGroup;
			children = (
				D897986C2EA4158700440837 /* FirestoreModels.swift */,
				D80930F12E961CF300FEAEE3 /* EndGameModel.swift */,
				D87282932E8DA8EC00C36890 /* GameModel.swift */,
				D80930EF2E96109900FEAEE3 /* GameConfigsModel.swift */,
				D89306782EB08D39007057AC /* CustomLobbyInfoModel.swift */,
			);
			path = Structs;
			sourceTree = "<group>";
		};
		D872827F2E8D920C00C36890 /* Views */ = {
			isa = PBXGroup;
			children = (
				D87282752E8D920C00C36890 /* AuthView.swift */,
				D87282762E8D920C00C36890 /* EndGameView.swift */,
				D87282772E8D920C00C36890 /* ExtraOptionsView.swift */,
				D87282782E8D920C00C36890 /* ForgotPasswordView.swift */,
				D87282792E8D920C00C36890 /* GameView.swift */,
				D872827A2E8D920C00C36890 /* HomeView.swift */,
				D872827B2E8D920C00C36890 /* LeaderboardView.swift */,
				D872827D2E8D920C00C36890 /* StatsView.swift */,
				D872827E2E8D920C00C36890 /* TimeTrialView.swift */,
				D897987D2EA6C16000440837 /* WaitingRoomView.swift */,
				D897987F2EA6C21600440837 /* MultiplayerInfoView.swift */,
				D89798872EA7463300440837 /* MultiplayerGameView.swift */,
				D89798912EA8AD5900440837 /* MultiplayerEndGameView.swift */,
				D89306742EB08722007057AC /* CustomLobbyInfoView.swift */,
				D893067A2EB1026B007057AC /* EnterCodeView.swift */,
				D893067C2EB1178D007057AC /* CreatingLobbyView.swift */,
				D893067E2EB11C4E007057AC /* LobbyView.swift */,
			);
			path = Views;
			sourceTree = "<group>";
		};
		D872828A2E8DA44600C36890 /* Components */ = {
			isa = PBXGroup;
			children = (
				D85BB2682EB9454900D1D25F /* EndGameActionButtons.swift */,
				D85BB2692EB9454900D1D25F /* EndGameErrorBanner.swift */,
				D85BB26A2EB9454900D1D25F /* EndGameHeader.swift */,
				D85BB26B2EB9454900D1D25F /* EndGameLoadingOverlay.swift */,
				D85BB26C2EB9454900D1D25F /* EndGameResultsList.swift */,
				D85BB26D2EB9454900D1D25F /* EndGameStatsCards.swift */,
				D89306882EB2B68B007057AC /* LobbyStatusDisplay.swift */,
				D89306862EB2A0B9007057AC /* AnimatedErrorMark.swift */,
				D89306842EB1D8EA007057AC /* AnimatedCheckmark.swift */,
				D89306822EB1CBC9007057AC /* LobbyPlayerSlot.swift */,
				D89306802EB17170007057AC /* BouncingDotsLoader.swift */,
				D89798832EA6CF6F00440837 /* ConnectingLine.swift */,
				D89798842EA6CF6F00440837 /* ProgressNode.swift */,
				D89798812EA6C63B00440837 /* RacingProgressBar.swift */,
				D897987B2EA61B1900440837 /* MissedQuestionCard.swift */,
				D89798752EA4AB6900440837 /* ModeCard.swift */,
				D89798762EA4AB6900440837 /* SectionHeader.swift */,
				D89C3C452E8FB2CD00C265A1 /* KeyPadButton.swift */,
				D872830F2E8E042600C36890 /* InGameStats.swift */,
				D8E279212BB8E36D009B029E /* DifficultySelector.swift */,
				D863BB612BF8049600A8825C /* TimeSelector.swift */,
				D886E8D32C3ADA290054DD61 /* LoadingSpinner.swift */,
				D8F7B7BA2C3FB0CE005CFCF0 /* SideBar.swift */,
				D872827C2E8D920C00C36890 /* MissedQuestionsDisplay.swift */,
				D84ED7E12C44AA0B0043995D /* LeaderboardEntry.swift */,
				D87283132E8E40C600C36890 /* RollingNumber.swift */,
				D823EE742E8FD2370074C071 /* StatPanel.swift */,
				D89798712EA4394B00440837 /* LastPracticeDisplay.swift */,
			);
			path = Components;
			sourceTree = "<group>";
		};
		D872828B2E8DA67F00C36890 /* Classes */ = {
			isa = PBXGroup;
			children = (
				D85BB28E2EBA763800D1D25F /* DeepLinkHandler.swift */,
				D897989B2EAC578200440837 /* NetworkMonitor.swift */,
				D89798792EA5A42C00440837 /* HapticManager.swift */,
				D87282912E8DA76700C36890 /* AppModel.swift */,
				D872828E2E8DA6EF00C36890 /* AuthInfoModel.swift */,
				D872828C2E8DA69900C36890 /* DeviceModel.swift */,
				D89798932EA987FC00440837 /* MultiplayerEndGameModel.swift */,
				D85BB2602EB33D5000D1D25F /* RegularGameSession.swift */,
				D85BB2622EB33EEE00D1D25F /* CustomGameSession.swift */,
				D85BB2642EB40E7A00D1D25F /* RegularMultiplayerEndGameModel.swift */,
				D85BB2662EB42E4700D1D25F /* CustomMultiplayerEndGameModel.swift */,
			);
			path = Classes;
			sourceTree = "<group>";
		};
		D87282BE2E8DAE0C00C36890 /* Extensions */ = {
			isa = PBXGroup;
			children = (
				D89798732EA497DA00440837 /* GameStorageExtension.swift */,
				D87283152E8E427700C36890 /* CollectionExtensions.swift */,
				D87282BF2E8DAE1D00C36890 /* ViewExtensions.swift */,
			);
			path = Extensions;
			sourceTree = "<group>";
		};
		D886E8CF2C3AD7530054DD61 /* Services */ = {
			isa = PBXGroup;
			children = (
				D897986A2EA4157700440837 /* MultiplayerService.swift */,
				D886E8D12C3AD8350054DD61 /* AuthService.swift */,
			);
			path = Services;
			sourceTree = "<group>";
		};
		D8BAFEE92A09A12400D49C49 = {
			isa = PBXGroup;
			children = (
				D8BAFEF42A09A12400D49C49 /* QuickMentalMath */,
				D8BAFF062A09A12500D49C49 /* QuickMentalMathTests */,
				D8BAFF102A09A12500D49C49 /* QuickMentalMathUITests */,
				D8BAFEF32A09A12400D49C49 /* Products */,
			);
			sourceTree = "<group>";
		};
		D8BAFEF32A09A12400D49C49 /* Products */ = {
			isa = PBXGroup;
			children = (
				D8BAFEF22A09A12400D49C49 /* QuickMentalMath.app */,
				D8BAFF032A09A12500D49C49 /* QuickMentalMathTests.xctest */,
				D8BAFF0D2A09A12500D49C49 /* QuickMentalMathUITests.xctest */,
			);
			name = Products;
			sourceTree = "<group>";
		};
		D8BAFEF42A09A12400D49C49 /* QuickMentalMath */ = {
			isa = PBXGroup;
			children = (
				D89798892EA81D7D00440837 /* GoogleService-Info.plist */,
				D80930F32E96220C00FEAEE3 /* Structs */,
				D87282BE2E8DAE0C00C36890 /* Extensions */,
				D872828B2E8DA67F00C36890 /* Classes */,
				D872828A2E8DA44600C36890 /* Components */,
				D872827F2E8D920C00C36890 /* Views */,
				D886E8CF2C3AD7530054DD61 /* Services */,
				D88D273D2A2D8B2C00E0EA63 /* Info.plist */,
				D8BAFEF52A09A12400D49C49 /* QuickMentalMathApp.swift */,
				D8BAFEF72A09A12400D49C49 /* ContentView.swift */,
				D8BAFEF92A09A12500D49C49 /* Assets.xcassets */,
				D8BAFEFB2A09A12500D49C49 /* QuickMentalMath.entitlements */,
				D8BAFEFC2A09A12500D49C49 /* Preview Content */,
				D87EFEB22E91AFBC00D5F4A5 /* Launch Screen.storyboard */,
			);
			path = QuickMentalMath;
			sourceTree = "<group>";
		};
		D8BAFEFC2A09A12500D49C49 /* Preview Content */ = {
			isa = PBXGroup;
			children = (
				D8BAFEFD2A09A12500D49C49 /* Preview Assets.xcassets */,
			);
			path = "Preview Content";
			sourceTree = "<group>";
		};
		D8BAFF062A09A12500D49C49 /* QuickMentalMathTests */ = {
			isa = PBXGroup;
			children = (
				D8BAFF072A09A12500D49C49 /* QuickMentalMathTests.swift */,
			);
			path = QuickMentalMathTests;
			sourceTree = "<group>";
		};
		D8BAFF102A09A12500D49C49 /* QuickMentalMathUITests */ = {
			isa = PBXGroup;
			children = (
				D8BAFF112A09A12500D49C49 /* QuickMentalMathUITests.swift */,
				D8BAFF132A09A12500D49C49 /* QuickMentalMathUITestsLaunchTests.swift */,
			);
			path = QuickMentalMathUITests;
			sourceTree = "<group>";
		};
/* End PBXGroup section */

/* Begin PBXNativeTarget section */
		D8BAFEF12A09A12400D49C49 /* QuickMentalMath */ = {
			isa = PBXNativeTarget;
			buildConfigurationList = D8BAFF172A09A12500D49C49 /* Build configuration list for PBXNativeTarget "QuickMentalMath" */;
			buildPhases = (
				D8BAFEEE2A09A12400D49C49 /* Sources */,
				D8BAFEEF2A09A12400D49C49 /* Frameworks */,
				D8BAFEF02A09A12400D49C49 /* Resources */,
			);
			buildRules = (
			);
			dependencies = (
			);
			name = QuickMentalMath;
			productName = QuickMentalMath;
			productReference = D8BAFEF22A09A12400D49C49 /* QuickMentalMath.app */;
			productType = "com.apple.product-type.application";
		};
		D8BAFF022A09A12500D49C49 /* QuickMentalMathTests */ = {
			isa = PBXNativeTarget;
			buildConfigurationList = D8BAFF1A2A09A12500D49C49 /* Build configuration list for PBXNativeTarget "QuickMentalMathTests" */;
			buildPhases = (
				D8BAFEFF2A09A12500D49C49 /* Sources */,
				D8BAFF002A09A12500D49C49 /* Frameworks */,
				D8BAFF012A09A12500D49C49 /* Resources */,
			);
			buildRules = (
			);
			dependencies = (
				D8BAFF052A09A12500D49C49 /* PBXTargetDependency */,
			);
			name = QuickMentalMathTests;
			productName = QuickMentalMathTests;
			productReference = D8BAFF032A09A12500D49C49 /* QuickMentalMathTests.xctest */;
			productType = "com.apple.product-type.bundle.unit-test";
		};
		D8BAFF0C2A09A12500D49C49 /* QuickMentalMathUITests */ = {
			isa = PBXNativeTarget;
			buildConfigurationList = D8BAFF1D2A09A12500D49C49 /* Build configuration list for PBXNativeTarget "QuickMentalMathUITests" */;
			buildPhases = (
				D8BAFF092A09A12500D49C49 /* Sources */,
				D8BAFF0A2A09A12500D49C49 /* Frameworks */,
				D8BAFF0B2A09A12500D49C49 /* Resources */,
			);
			buildRules = (
			);
			dependencies = (
				D8BAFF0F2A09A12500D49C49 /* PBXTargetDependency */,
			);
			name = QuickMentalMathUITests;
			productName = QuickMentalMathUITests;
			productReference = D8BAFF0D2A09A12500D49C49 /* QuickMentalMathUITests.xctest */;
			productType = "com.apple.product-type.bundle.ui-testing";
		};
/* End PBXNativeTarget section */

/* Begin PBXProject section */
		D8BAFEEA2A09A12400D49C49 /* Project object */ = {
			isa = PBXProject;
			attributes = {
				BuildIndependentTargetsInParallel = 1;
				LastSwiftUpdateCheck = 1430;
				LastUpgradeCheck = 2600;
				TargetAttributes = {
					D8BAFEF12A09A12400D49C49 = {
						CreatedOnToolsVersion = 14.3;
					};
					D8BAFF022A09A12500D49C49 = {
						CreatedOnToolsVersion = 14.3;
						TestTargetID = D8BAFEF12A09A12400D49C49;
					};
					D8BAFF0C2A09A12500D49C49 = {
						CreatedOnToolsVersion = 14.3;
						TestTargetID = D8BAFEF12A09A12400D49C49;
					};
				};
			};
			buildConfigurationList = D8BAFEED2A09A12400D49C49 /* Build configuration list for PBXProject "QuickMentalMath" */;
			compatibilityVersion = "Xcode 14.0";
			developmentRegion = en;
			hasScannedForEncodings = 0;
			knownRegions = (
				en,
				Base,
			);
			mainGroup = D8BAFEE92A09A12400D49C49;
			packageReferences = (
				D88AD2BF2E8FAB450036BF62 /* XCRemoteSwiftPackageReference "ConfettiSwiftUI" */,
				D897986E2EA4160A00440837 /* XCRemoteSwiftPackageReference "firebase-ios-sdk" */,
				D89798982EAAD88C00440837 /* XCRemoteSwiftPackageReference "EasySkeleton" */,
			);
			productRefGroup = D8BAFEF32A09A12400D49C49 /* Products */;
			projectDirPath = "";
			projectRoot = "";
			targets = (
				D8BAFEF12A09A12400D49C49 /* QuickMentalMath */,
				D8BAFF022A09A12500D49C49 /* QuickMentalMathTests */,
				D8BAFF0C2A09A12500D49C49 /* QuickMentalMathUITests */,
			);
		};
/* End PBXProject section */

/* Begin PBXResourcesBuildPhase section */
		D8BAFEF02A09A12400D49C49 /* Resources */ = {
			isa = PBXResourcesBuildPhase;
			buildActionMask = 2147483647;
			files = (
				D87EFEB32E91AFBC00D5F4A5 /* Launch Screen.storyboard in Resources */,
				D897988A2EA81D7D00440837 /* GoogleService-Info.plist in Resources */,
				D8BAFEFE2A09A12500D49C49 /* Preview Assets.xcassets in Resources */,
				D8BAFEFA2A09A12500D49C49 /* Assets.xcassets in Resources */,
			);
			runOnlyForDeploymentPostprocessing = 0;
		};
		D8BAFF012A09A12500D49C49 /* Resources */ = {
			isa = PBXResourcesBuildPhase;
			buildActionMask = 2147483647;
			files = (
				D897988C2EA81D7D00440837 /* GoogleService-Info.plist in Resources */,
			);
			runOnlyForDeploymentPostprocessing = 0;
		};
		D8BAFF0B2A09A12500D49C49 /* Resources */ = {
			isa = PBXResourcesBuildPhase;
			buildActionMask = 2147483647;
			files = (
				D897988B2EA81D7D00440837 /* GoogleService-Info.plist in Resources */,
			);
			runOnlyForDeploymentPostprocessing = 0;
		};
/* End PBXResourcesBuildPhase section */

/* Begin PBXSourcesBuildPhase section */
		D8BAFEEE2A09A12400D49C49 /* Sources */ = {
			isa = PBXSourcesBuildPhase;
			buildActionMask = 2147483647;
			files = (
				D87282802E8D920C00C36890 /* AuthView.swift in Sources */,
				D85BB2672EB42E4700D1D25F /* CustomMultiplayerEndGameModel.swift in Sources */,
				D87283162E8E428F00C36890 /* CollectionExtensions.swift in Sources */,
				D87282812E8D920C00C36890 /* EndGameView.swift in Sources */,
				D89C3C462E8FB2CD00C265A1 /* KeyPadButton.swift in Sources */,
				D872828D2E8DA69900C36890 /* DeviceModel.swift in Sources */,
				D893067B2EB1026B007057AC /* EnterCodeView.swift in Sources */,
				D897987A2EA5A42C00440837 /* HapticManager.swift in Sources */,
				D89306892EB2B68B007057AC /* LobbyStatusDisplay.swift in Sources */,
				D85BB2612EB33D5000D1D25F /* RegularGameSession.swift in Sources */,
				D893067F2EB11C4E007057AC /* LobbyView.swift in Sources */,
				D87282822E8D920C00C36890 /* ExtraOptionsView.swift in Sources */,
				D87282832E8D920C00C36890 /* ForgotPasswordView.swift in Sources */,
				D897986D2EA4158700440837 /* FirestoreModels.swift in Sources */,
				D87282942E8DA8EC00C36890 /* GameModel.swift in Sources */,
				D897987C2EA61B1900440837 /* MissedQuestionCard.swift in Sources */,
				D87282842E8D920C00C36890 /* GameView.swift in Sources */,
				D87282852E8D920C00C36890 /* HomeView.swift in Sources */,
				D89306832EB1CBC9007057AC /* LobbyPlayerSlot.swift in Sources */,
				D89798882EA7463300440837 /* MultiplayerGameView.swift in Sources */,
				D89798942EA987FC00440837 /* MultiplayerEndGameModel.swift in Sources */,
				D85BB2652EB40E7A00D1D25F /* RegularMultiplayerEndGameModel.swift in Sources */,
				D872828F2E8DA6EF00C36890 /* AuthInfoModel.swift in Sources */,
				D80930F02E96109900FEAEE3 /* GameConfigsModel.swift in Sources */,
				D87282862E8D920C00C36890 /* LeaderboardView.swift in Sources */,
				D87282872E8D920C00C36890 /* MissedQuestionsDisplay.swift in Sources */,
				D89798852EA6CF6F00440837 /* ConnectingLine.swift in Sources */,
				D89798862EA6CF6F00440837 /* ProgressNode.swift in Sources */,
				D89798772EA4AB6900440837 /* ModeCard.swift in Sources */,
				D89798782EA4AB6900440837 /* SectionHeader.swift in Sources */,
				D87282882E8D920C00C36890 /* StatsView.swift in Sources */,
				D80930F22E961CF300FEAEE3 /* EndGameModel.swift in Sources */,
				D85BB28F2EBA763800D1D25F /* DeepLinkHandler.swift in Sources */,
				D87282892E8D920C00C36890 /* TimeTrialView.swift in Sources */,
				D87282922E8DA76700C36890 /* AppModel.swift in Sources */,
				D897989C2EAC578200440837 /* NetworkMonitor.swift in Sources */,
				D863BB622BF8049600A8825C /* TimeSelector.swift in Sources */,
				D8BAFEF82A09A12400D49C49 /* ContentView.swift in Sources */,
				D89306752EB08722007057AC /* CustomLobbyInfoView.swift in Sources */,
				D84ED7E22C44AA0B0043995D /* LeaderboardEntry.swift in Sources */,
				D87283142E8E40C600C36890 /* RollingNumber.swift in Sources */,
				D87282C02E8DAE2100C36890 /* ViewExtensions.swift in Sources */,
				D897986B2EA4157700440837 /* MultiplayerService.swift in Sources */,
				D89798722EA4394B00440837 /* LastPracticeDisplay.swift in Sources */,
				D89798822EA6C63B00440837 /* RacingProgressBar.swift in Sources */,
				D897987E2EA6C16000440837 /* WaitingRoomView.swift in Sources */,
				D89306792EB08D39007057AC /* CustomLobbyInfoModel.swift in Sources */,
				D886E8D22C3AD8350054DD61 /* AuthService.swift in Sources */,
				D87283102E8E043B00C36890 /* InGameStats.swift in Sources */,
				D8BAFEF62A09A12400D49C49 /* QuickMentalMathApp.swift in Sources */,
				D886E8D42C3ADA290054DD61 /* LoadingSpinner.swift in Sources */,
				D89798802EA6C21600440837 /* MultiplayerInfoView.swift in Sources */,
				D893067D2EB1178D007057AC /* CreatingLobbyView.swift in Sources */,
				D85BB2632EB33EEE00D1D25F /* CustomGameSession.swift in Sources */,
				D85BB26F2EB9454900D1D25F /* EndGameActionButtons.swift in Sources */,
				D85BB2702EB9454900D1D25F /* EndGameHeader.swift in Sources */,
				D85BB2722EB9454900D1D25F /* EndGameResultsList.swift in Sources */,
				D85BB2732EB9454900D1D25F /* EndGameErrorBanner.swift in Sources */,
				D85BB2742EB9454900D1D25F /* EndGameLoadingOverlay.swift in Sources */,
				D85BB2752EB9454900D1D25F /* EndGameStatsCards.swift in Sources */,
				D823EE752E8FD2370074C071 /* StatPanel.swift in Sources */,
				D89306872EB2A0B9007057AC /* AnimatedErrorMark.swift in Sources */,
				D89306812EB17170007057AC /* BouncingDotsLoader.swift in Sources */,
				D89798922EA8AD5900440837 /* MultiplayerEndGameView.swift in Sources */,
				D89798742EA497DA00440837 /* GameStorageExtension.swift in Sources */,
				D8F7B7BB2C3FB0CE005CFCF0 /* SideBar.swift in Sources */,
				D89306852EB1D8EA007057AC /* AnimatedCheckmark.swift in Sources */,
				D8E279222BB8E36D009B029E /* DifficultySelector.swift in Sources */,
			);
			runOnlyForDeploymentPostprocessing = 0;
		};
		D8BAFEFF2A09A12500D49C49 /* Sources */ = {
			isa = PBXSourcesBuildPhase;
			buildActionMask = 2147483647;
			files = (
				D8BAFF082A09A12500D49C49 /* QuickMentalMathTests.swift in Sources */,
			);
			runOnlyForDeploymentPostprocessing = 0;
		};
		D8BAFF092A09A12500D49C49 /* Sources */ = {
			isa = PBXSourcesBuildPhase;
			buildActionMask = 2147483647;
			files = (
				D8BAFF122A09A12500D49C49 /* QuickMentalMathUITests.swift in Sources */,
				D8BAFF142A09A12500D49C49 /* QuickMentalMathUITestsLaunchTests.swift in Sources */,
			);
			runOnlyForDeploymentPostprocessing = 0;
		};
/* End PBXSourcesBuildPhase section */

/* Begin PBXTargetDependency section */
		D8BAFF052A09A12500D49C49 /* PBXTargetDependency */ = {
			isa = PBXTargetDependency;
			target = D8BAFEF12A09A12400D49C49 /* QuickMentalMath */;
			targetProxy = D8BAFF042A09A12500D49C49 /* PBXContainerItemProxy */;
		};
		D8BAFF0F2A09A12500D49C49 /* PBXTargetDependency */ = {
			isa = PBXTargetDependency;
			target = D8BAFEF12A09A12400D49C49 /* QuickMentalMath */;
			targetProxy = D8BAFF0E2A09A12500D49C49 /* PBXContainerItemProxy */;
		};
/* End PBXTargetDependency section */

/* Begin XCBuildConfiguration section */
		D8BAFF152A09A12500D49C49 /* Debug */ = {
			isa = XCBuildConfiguration;
			buildSettings = {
				ALWAYS_SEARCH_USER_PATHS = NO;
				CLANG_ANALYZER_NONNULL = YES;
				CLANG_ANALYZER_NUMBER_OBJECT_CONVERSION = YES_AGGRESSIVE;
				CLANG_CXX_LANGUAGE_STANDARD = "gnu++20";
				CLANG_ENABLE_MODULES = YES;
				CLANG_ENABLE_OBJC_ARC = YES;
				CLANG_ENABLE_OBJC_WEAK = YES;
				CLANG_WARN_BLOCK_CAPTURE_AUTORELEASING = YES;
				CLANG_WARN_BOOL_CONVERSION = YES;
				CLANG_WARN_COMMA = YES;
				CLANG_WARN_CONSTANT_CONVERSION = YES;
				CLANG_WARN_DEPRECATED_OBJC_IMPLEMENTATIONS = YES;
				CLANG_WARN_DIRECT_OBJC_ISA_USAGE = YES_ERROR;
				CLANG_WARN_DOCUMENTATION_COMMENTS = YES;
				CLANG_WARN_EMPTY_BODY = YES;
				CLANG_WARN_ENUM_CONVERSION = YES;
				CLANG_WARN_INFINITE_RECURSION = YES;
				CLANG_WARN_INT_CONVERSION = YES;
				CLANG_WARN_NON_LITERAL_NULL_CONVERSION = YES;
				CLANG_WARN_OBJC_IMPLICIT_RETAIN_SELF = YES;
				CLANG_WARN_OBJC_LITERAL_CONVERSION = YES;
				CLANG_WARN_OBJC_ROOT_CLASS = YES_ERROR;
				CLANG_WARN_QUOTED_INCLUDE_IN_FRAMEWORK_HEADER = YES;
				CLANG_WARN_RANGE_LOOP_ANALYSIS = YES;
				CLANG_WARN_STRICT_PROTOTYPES = YES;
				CLANG_WARN_SUSPICIOUS_MOVE = YES;
				CLANG_WARN_UNGUARDED_AVAILABILITY = YES_AGGRESSIVE;
				CLANG_WARN_UNREACHABLE_CODE = YES;
				CLANG_WARN__DUPLICATE_METHOD_MATCH = YES;
				COPY_PHASE_STRIP = NO;
				DEAD_CODE_STRIPPING = YES;
				DEBUG_INFORMATION_FORMAT = dwarf;
				DEVELOPMENT_TEAM = 94VBY346GX;
				ENABLE_STRICT_OBJC_MSGSEND = YES;
				ENABLE_TESTABILITY = YES;
				ENABLE_USER_SCRIPT_SANDBOXING = YES;
				GCC_C_LANGUAGE_STANDARD = gnu11;
				GCC_DYNAMIC_NO_PIC = NO;
				GCC_NO_COMMON_BLOCKS = YES;
				GCC_OPTIMIZATION_LEVEL = 0;
				GCC_PREPROCESSOR_DEFINITIONS = (
					"DEBUG=1",
					"$(inherited)",
				);
				GCC_WARN_64_TO_32_BIT_CONVERSION = YES;
				GCC_WARN_ABOUT_RETURN_TYPE = YES_ERROR;
				GCC_WARN_UNDECLARED_SELECTOR = YES;
				GCC_WARN_UNINITIALIZED_AUTOS = YES_AGGRESSIVE;
				GCC_WARN_UNUSED_FUNCTION = YES;
				GCC_WARN_UNUSED_VARIABLE = YES;
				MTL_ENABLE_DEBUG_INFO = INCLUDE_SOURCE;
				MTL_FAST_MATH = YES;
				ONLY_ACTIVE_ARCH = YES;
				STRING_CATALOG_GENERATE_SYMBOLS = YES;
				SWIFT_ACTIVE_COMPILATION_CONDITIONS = DEBUG;
				SWIFT_OPTIMIZATION_LEVEL = "-Onone";
			};
			name = Debug;
		};
		D8BAFF162A09A12500D49C49 /* Release */ = {
			isa = XCBuildConfiguration;
			buildSettings = {
				ALWAYS_SEARCH_USER_PATHS = NO;
				CLANG_ANALYZER_NONNULL = YES;
				CLANG_ANALYZER_NUMBER_OBJECT_CONVERSION = YES_AGGRESSIVE;
				CLANG_CXX_LANGUAGE_STANDARD = "gnu++20";
				CLANG_ENABLE_MODULES = YES;
				CLANG_ENABLE_OBJC_ARC = YES;
				CLANG_ENABLE_OBJC_WEAK = YES;
				CLANG_WARN_BLOCK_CAPTURE_AUTORELEASING = YES;
				CLANG_WARN_BOOL_CONVERSION = YES;
				CLANG_WARN_COMMA = YES;
				CLANG_WARN_CONSTANT_CONVERSION = YES;
				CLANG_WARN_DEPRECATED_OBJC_IMPLEMENTATIONS = YES;
				CLANG_WARN_DIRECT_OBJC_ISA_USAGE = YES_ERROR;
				CLANG_WARN_DOCUMENTATION_COMMENTS = YES;
				CLANG_WARN_EMPTY_BODY = YES;
				CLANG_WARN_ENUM_CONVERSION = YES;
				CLANG_WARN_INFINITE_RECURSION = YES;
				CLANG_WARN_INT_CONVERSION = YES;
				CLANG_WARN_NON_LITERAL_NULL_CONVERSION = YES;
				CLANG_WARN_OBJC_IMPLICIT_RETAIN_SELF = YES;
				CLANG_WARN_OBJC_LITERAL_CONVERSION = YES;
				CLANG_WARN_OBJC_ROOT_CLASS = YES_ERROR;
				CLANG_WARN_QUOTED_INCLUDE_IN_FRAMEWORK_HEADER = YES;
				CLANG_WARN_RANGE_LOOP_ANALYSIS = YES;
				CLANG_WARN_STRICT_PROTOTYPES = YES;
				CLANG_WARN_SUSPICIOUS_MOVE = YES;
				CLANG_WARN_UNGUARDED_AVAILABILITY = YES_AGGRESSIVE;
				CLANG_WARN_UNREACHABLE_CODE = YES;
				CLANG_WARN__DUPLICATE_METHOD_MATCH = YES;
				COPY_PHASE_STRIP = NO;
				DEAD_CODE_STRIPPING = YES;
				DEBUG_INFORMATION_FORMAT = "dwarf-with-dsym";
				DEVELOPMENT_TEAM = 94VBY346GX;
				ENABLE_NS_ASSERTIONS = NO;
				ENABLE_STRICT_OBJC_MSGSEND = YES;
				ENABLE_USER_SCRIPT_SANDBOXING = YES;
				GCC_C_LANGUAGE_STANDARD = gnu11;
				GCC_NO_COMMON_BLOCKS = YES;
				GCC_WARN_64_TO_32_BIT_CONVERSION = YES;
				GCC_WARN_ABOUT_RETURN_TYPE = YES_ERROR;
				GCC_WARN_UNDECLARED_SELECTOR = YES;
				GCC_WARN_UNINITIALIZED_AUTOS = YES_AGGRESSIVE;
				GCC_WARN_UNUSED_FUNCTION = YES;
				GCC_WARN_UNUSED_VARIABLE = YES;
				MTL_ENABLE_DEBUG_INFO = NO;
				MTL_FAST_MATH = YES;
				STRING_CATALOG_GENERATE_SYMBOLS = YES;
				SWIFT_COMPILATION_MODE = wholemodule;
				SWIFT_OPTIMIZATION_LEVEL = "-O";
			};
			name = Release;
		};
		D8BAFF182A09A12500D49C49 /* Debug */ = {
			isa = XCBuildConfiguration;
			buildSettings = {
				ASSETCATALOG_COMPILER_APPICON_NAME = AppIcon;
				ASSETCATALOG_COMPILER_GLOBAL_ACCENT_COLOR_NAME = AccentColor;
				CODE_SIGN_ENTITLEMENTS = QuickMentalMath/QuickMentalMath.entitlements;
				CODE_SIGN_STYLE = Automatic;
				CURRENT_PROJECT_VERSION = 1;
				DEAD_CODE_STRIPPING = YES;
				DEVELOPMENT_ASSET_PATHS = "\"QuickMentalMath/Preview Content\"";
				ENABLE_APP_SANDBOX = YES;
				ENABLE_HARDENED_RUNTIME = YES;
				ENABLE_PREVIEWS = YES;
				ENABLE_USER_SELECTED_FILES = readonly;
				GENERATE_INFOPLIST_FILE = YES;
				INFOPLIST_FILE = QuickMentalMath/Info.plist;
				INFOPLIST_KEY_CFBundleDisplayName = QMM;
				INFOPLIST_KEY_LSApplicationCategoryType = "public.app-category.education";
				"INFOPLIST_KEY_UIApplicationSceneManifest_Generation[sdk=iphoneos*]" = YES;
				"INFOPLIST_KEY_UIApplicationSceneManifest_Generation[sdk=iphonesimulator*]" = YES;
				"INFOPLIST_KEY_UIApplicationSupportsIndirectInputEvents[sdk=iphoneos*]" = YES;
				"INFOPLIST_KEY_UIApplicationSupportsIndirectInputEvents[sdk=iphonesimulator*]" = YES;
				"INFOPLIST_KEY_UILaunchScreen_Generation[sdk=iphoneos*]" = YES;
				"INFOPLIST_KEY_UILaunchScreen_Generation[sdk=iphonesimulator*]" = YES;
				INFOPLIST_KEY_UIRequiresFullScreen = YES;
				INFOPLIST_KEY_UIStatusBarStyle = UIStatusBarStyleDarkContent;
				"INFOPLIST_KEY_UIStatusBarStyle[sdk=iphoneos*]" = UIStatusBarStyleDefault;
				"INFOPLIST_KEY_UIStatusBarStyle[sdk=iphonesimulator*]" = UIStatusBarStyleDefault;
				INFOPLIST_KEY_UISupportedInterfaceOrientations = UIInterfaceOrientationPortrait;
				INFOPLIST_KEY_UIUserInterfaceStyle = Light;
				IPHONEOS_DEPLOYMENT_TARGET = 17.0;
				LD_RUNPATH_SEARCH_PATHS = "@executable_path/Frameworks";
				"LD_RUNPATH_SEARCH_PATHS[sdk=macosx*]" = "@executable_path/../Frameworks";
				MACOSX_DEPLOYMENT_TARGET = 13.0;
				MARKETING_VERSION = 14.0;
				PRODUCT_BUNDLE_IDENTIFIER = "com.andyvu.Math-Facts";
				PRODUCT_NAME = "$(TARGET_NAME)";
				SDKROOT = auto;
				SUPPORTED_PLATFORMS = "iphoneos iphonesimulator";
				SUPPORTS_MACCATALYST = NO;
				SUPPORTS_MAC_DESIGNED_FOR_IPHONE_IPAD = NO;
				SWIFT_EMIT_LOC_STRINGS = YES;
				SWIFT_VERSION = 5.0;
				TARGETED_DEVICE_FAMILY = "1,2";
			};
			name = Debug;
		};
		D8BAFF192A09A12500D49C49 /* Release */ = {
			isa = XCBuildConfiguration;
			buildSettings = {
				ASSETCATALOG_COMPILER_APPICON_NAME = AppIcon;
				ASSETCATALOG_COMPILER_GLOBAL_ACCENT_COLOR_NAME = AccentColor;
				CODE_SIGN_ENTITLEMENTS = QuickMentalMath/QuickMentalMath.entitlements;
				CODE_SIGN_STYLE = Automatic;
				CURRENT_PROJECT_VERSION = 1;
				DEAD_CODE_STRIPPING = YES;
				DEVELOPMENT_ASSET_PATHS = "\"QuickMentalMath/Preview Content\"";
				ENABLE_APP_SANDBOX = YES;
				ENABLE_HARDENED_RUNTIME = YES;
				ENABLE_PREVIEWS = YES;
				ENABLE_USER_SELECTED_FILES = readonly;
				GENERATE_INFOPLIST_FILE = YES;
				INFOPLIST_FILE = QuickMentalMath/Info.plist;
				INFOPLIST_KEY_CFBundleDisplayName = QMM;
				INFOPLIST_KEY_LSApplicationCategoryType = "public.app-category.education";
				"INFOPLIST_KEY_UIApplicationSceneManifest_Generation[sdk=iphoneos*]" = YES;
				"INFOPLIST_KEY_UIApplicationSceneManifest_Generation[sdk=iphonesimulator*]" = YES;
				"INFOPLIST_KEY_UIApplicationSupportsIndirectInputEvents[sdk=iphoneos*]" = YES;
				"INFOPLIST_KEY_UIApplicationSupportsIndirectInputEvents[sdk=iphonesimulator*]" = YES;
				"INFOPLIST_KEY_UILaunchScreen_Generation[sdk=iphoneos*]" = YES;
				"INFOPLIST_KEY_UILaunchScreen_Generation[sdk=iphonesimulator*]" = YES;
				INFOPLIST_KEY_UIRequiresFullScreen = YES;
				INFOPLIST_KEY_UIStatusBarStyle = UIStatusBarStyleDarkContent;
				"INFOPLIST_KEY_UIStatusBarStyle[sdk=iphoneos*]" = UIStatusBarStyleDefault;
				"INFOPLIST_KEY_UIStatusBarStyle[sdk=iphonesimulator*]" = UIStatusBarStyleDefault;
				INFOPLIST_KEY_UISupportedInterfaceOrientations = UIInterfaceOrientationPortrait;
				INFOPLIST_KEY_UIUserInterfaceStyle = Light;
				IPHONEOS_DEPLOYMENT_TARGET = 17.0;
				LD_RUNPATH_SEARCH_PATHS = "@executable_path/Frameworks";
				"LD_RUNPATH_SEARCH_PATHS[sdk=macosx*]" = "@executable_path/../Frameworks";
				MACOSX_DEPLOYMENT_TARGET = 13.0;
				MARKETING_VERSION = 14.0;
				PRODUCT_BUNDLE_IDENTIFIER = "com.andyvu.Math-Facts";
				PRODUCT_NAME = "$(TARGET_NAME)";
				SDKROOT = auto;
				SUPPORTED_PLATFORMS = "iphoneos iphonesimulator";
				SUPPORTS_MACCATALYST = NO;
				SUPPORTS_MAC_DESIGNED_FOR_IPHONE_IPAD = NO;
				SWIFT_EMIT_LOC_STRINGS = YES;
				SWIFT_VERSION = 5.0;
				TARGETED_DEVICE_FAMILY = "1,2";
			};
			name = Release;
		};
		D8BAFF1B2A09A12500D49C49 /* Debug */ = {
			isa = XCBuildConfiguration;
			buildSettings = {
				BUNDLE_LOADER = "$(TEST_HOST)";
				CODE_SIGN_STYLE = Automatic;
				CURRENT_PROJECT_VERSION = 1;
				DEAD_CODE_STRIPPING = YES;
				GENERATE_INFOPLIST_FILE = YES;
				IPHONEOS_DEPLOYMENT_TARGET = 16.4;
				MACOSX_DEPLOYMENT_TARGET = 13.0;
				MARKETING_VERSION = 1.0;
				PRODUCT_BUNDLE_IDENTIFIER = andyvu.com.QuickMentalMathTests;
				PRODUCT_NAME = "$(TARGET_NAME)";
				SDKROOT = auto;
				SUPPORTED_PLATFORMS = "iphoneos iphonesimulator macosx";
				SWIFT_EMIT_LOC_STRINGS = NO;
				SWIFT_VERSION = 5.0;
				TARGETED_DEVICE_FAMILY = "1,2";
				TEST_HOST = "$(BUILT_PRODUCTS_DIR)/QuickMentalMath.app/$(BUNDLE_EXECUTABLE_FOLDER_PATH)/QuickMentalMath";
			};
			name = Debug;
		};
		D8BAFF1C2A09A12500D49C49 /* Release */ = {
			isa = XCBuildConfiguration;
			buildSettings = {
				BUNDLE_LOADER = "$(TEST_HOST)";
				CODE_SIGN_STYLE = Automatic;
				CURRENT_PROJECT_VERSION = 1;
				DEAD_CODE_STRIPPING = YES;
				GENERATE_INFOPLIST_FILE = YES;
				IPHONEOS_DEPLOYMENT_TARGET = 16.4;
				MACOSX_DEPLOYMENT_TARGET = 13.0;
				MARKETING_VERSION = 1.0;
				PRODUCT_BUNDLE_IDENTIFIER = andyvu.com.QuickMentalMathTests;
				PRODUCT_NAME = "$(TARGET_NAME)";
				SDKROOT = auto;
				SUPPORTED_PLATFORMS = "iphoneos iphonesimulator macosx";
				SWIFT_EMIT_LOC_STRINGS = NO;
				SWIFT_VERSION = 5.0;
				TARGETED_DEVICE_FAMILY = "1,2";
				TEST_HOST = "$(BUILT_PRODUCTS_DIR)/QuickMentalMath.app/$(BUNDLE_EXECUTABLE_FOLDER_PATH)/QuickMentalMath";
			};
			name = Release;
		};
		D8BAFF1E2A09A12500D49C49 /* Debug */ = {
			isa = XCBuildConfiguration;
			buildSettings = {
				CODE_SIGN_STYLE = Automatic;
				CURRENT_PROJECT_VERSION = 1;
				DEAD_CODE_STRIPPING = YES;
				GENERATE_INFOPLIST_FILE = YES;
				IPHONEOS_DEPLOYMENT_TARGET = 16.4;
				MACOSX_DEPLOYMENT_TARGET = 13.0;
				MARKETING_VERSION = 1.0;
				PRODUCT_BUNDLE_IDENTIFIER = andyvu.com.QuickMentalMathUITests;
				PRODUCT_NAME = "$(TARGET_NAME)";
				SDKROOT = auto;
				SUPPORTED_PLATFORMS = "iphoneos iphonesimulator macosx";
				SWIFT_EMIT_LOC_STRINGS = NO;
				SWIFT_VERSION = 5.0;
				TARGETED_DEVICE_FAMILY = "1,2";
				TEST_TARGET_NAME = QuickMentalMath;
			};
			name = Debug;
		};
		D8BAFF1F2A09A12500D49C49 /* Release */ = {
			isa = XCBuildConfiguration;
			buildSettings = {
				CODE_SIGN_STYLE = Automatic;
				CURRENT_PROJECT_VERSION = 1;
				DEAD_CODE_STRIPPING = YES;
				GENERATE_INFOPLIST_FILE = YES;
				IPHONEOS_DEPLOYMENT_TARGET = 16.4;
				MACOSX_DEPLOYMENT_TARGET = 13.0;
				MARKETING_VERSION = 1.0;
				PRODUCT_BUNDLE_IDENTIFIER = andyvu.com.QuickMentalMathUITests;
				PRODUCT_NAME = "$(TARGET_NAME)";
				SDKROOT = auto;
				SUPPORTED_PLATFORMS = "iphoneos iphonesimulator macosx";
				SWIFT_EMIT_LOC_STRINGS = NO;
				SWIFT_VERSION = 5.0;
				TARGETED_DEVICE_FAMILY = "1,2";
				TEST_TARGET_NAME = QuickMentalMath;
			};
			name = Release;
		};
/* End XCBuildConfiguration section */

/* Begin XCConfigurationList section */
		D8BAFEED2A09A12400D49C49 /* Build configuration list for PBXProject "QuickMentalMath" */ = {
			isa = XCConfigurationList;
			buildConfigurations = (
				D8BAFF152A09A12500D49C49 /* Debug */,
				D8BAFF162A09A12500D49C49 /* Release */,
			);
			defaultConfigurationIsVisible = 0;
			defaultConfigurationName = Release;
		};
		D8BAFF172A09A12500D49C49 /* Build configuration list for PBXNativeTarget "QuickMentalMath" */ = {
			isa = XCConfigurationList;
			buildConfigurations = (
				D8BAFF182A09A12500D49C49 /* Debug */,
				D8BAFF192A09A12500D49C49 /* Release */,
			);
			defaultConfigurationIsVisible = 0;
			defaultConfigurationName = Release;
		};
		D8BAFF1A2A09A12500D49C49 /* Build configuration list for PBXNativeTarget "QuickMentalMathTests" */ = {
			isa = XCConfigurationList;
			buildConfigurations = (
				D8BAFF1B2A09A12500D49C49 /* Debug */,
				D8BAFF1C2A09A12500D49C49 /* Release */,
			);
			defaultConfigurationIsVisible = 0;
			defaultConfigurationName = Release;
		};
		D8BAFF1D2A09A12500D49C49 /* Build configuration list for PBXNativeTarget "QuickMentalMathUITests" */ = {
			isa = XCConfigurationList;
			buildConfigurations = (
				D8BAFF1E2A09A12500D49C49 /* Debug */,
				D8BAFF1F2A09A12500D49C49 /* Release */,
			);
			defaultConfigurationIsVisible = 0;
			defaultConfigurationName = Release;
		};
/* End XCConfigurationList section */

/* Begin XCRemoteSwiftPackageReference section */
		D88AD2BF2E8FAB450036BF62 /* XCRemoteSwiftPackageReference "ConfettiSwiftUI" */ = {
			isa = XCRemoteSwiftPackageReference;
			repositoryURL = "https://github.com/simibac/ConfettiSwiftUI.git";
			requirement = {
				kind = upToNextMajorVersion;
				minimumVersion = 2.0.3;
			};
		};
		D897986E2EA4160A00440837 /* XCRemoteSwiftPackageReference "firebase-ios-sdk" */ = {
			isa = XCRemoteSwiftPackageReference;
			repositoryURL = "https://github.com/firebase/firebase-ios-sdk.git";
			requirement = {
				kind = upToNextMajorVersion;
				minimumVersion = 12.4.0;
			};
		};
		D89798982EAAD88C00440837 /* XCRemoteSwiftPackageReference "EasySkeleton" */ = {
			isa = XCRemoteSwiftPackageReference;
			repositoryURL = "https://github.com/SpectralDragon/EasySkeleton";
			requirement = {
				kind = upToNextMajorVersion;
				minimumVersion = 1.2.1;
			};
		};
/* End XCRemoteSwiftPackageReference section */

/* Begin XCSwiftPackageProductDependency section */
		D88AD2C02E8FAB450036BF62 /* ConfettiSwiftUI */ = {
			isa = XCSwiftPackageProductDependency;
			package = D88AD2BF2E8FAB450036BF62 /* XCRemoteSwiftPackageReference "ConfettiSwiftUI" */;
			productName = ConfettiSwiftUI;
		};
		D897986F2EA4160A00440837 /* FirebaseFirestore */ = {
			isa = XCSwiftPackageProductDependency;
			package = D897986E2EA4160A00440837 /* XCRemoteSwiftPackageReference "firebase-ios-sdk" */;
			productName = FirebaseFirestore;
		};
		D897988D2EA81DB600440837 /* FirebaseAnalytics */ = {
			isa = XCSwiftPackageProductDependency;
			package = D897986E2EA4160A00440837 /* XCRemoteSwiftPackageReference "firebase-ios-sdk" */;
			productName = FirebaseAnalytics;
		};
		D897988F2EA81DB600440837 /* FirebaseCore */ = {
			isa = XCSwiftPackageProductDependency;
			package = D897986E2EA4160A00440837 /* XCRemoteSwiftPackageReference "firebase-ios-sdk" */;
			productName = FirebaseCore;
		};
		D89798992EAAD88C00440837 /* EasySkeleton */ = {
			isa = XCSwiftPackageProductDependency;
			package = D89798982EAAD88C00440837 /* XCRemoteSwiftPackageReference "EasySkeleton" */;
			productName = EasySkeleton;
		};
/* End XCSwiftPackageProductDependency section */
	};
	rootObject = D8BAFEEA2A09A12400D49C49 /* Project object */;
}
