// !$*UTF8*$!
{
	archiveVersion = 1;
	classes = {
	};
	objectVersion = 56;
	objects = {

/* Begin PBXBuildFile section */
		D88D273A2A2D46D800E0EA63 /* EndGameView.swift in Sources */ = {isa = PBXBuildFile; fileRef = D88D27392A2D46D800E0EA63 /* EndGameView.swift */; };
		D88D273C2A2D8AF900E0EA63 /* NunitoSans.ttf in Resources */ = {isa = PBXBuildFile; fileRef = D88D273B2A2D8AF900E0EA63 /* NunitoSans.ttf */; };
		D88D27432A33824800E0EA63 /* MissedQuestionsView.swift in Sources */ = {isa = PBXBuildFile; fileRef = D88D27422A33824800E0EA63 /* MissedQuestionsView.swift */; };
		D88D27452A35438000E0EA63 /* ProfileView.swift in Sources */ = {isa = PBXBuildFile; fileRef = D88D27442A35438000E0EA63 /* ProfileView.swift */; };
		D89009902A1316BB00ED7459 /* GameView.swift in Sources */ = {isa = PBXBuildFile; fileRef = D890098F2A1316BB00ED7459 /* GameView.swift */; };
		D8A455ED2A0DD40D00DCA8DF /* OptionSlider.swift in Sources */ = {isa = PBXBuildFile; fileRef = D8A455EC2A0DD40D00DCA8DF /* OptionSlider.swift */; };
		D8BAFEF62A09A12400D49C49 /* QuickMentalMathApp.swift in Sources */ = {isa = PBXBuildFile; fileRef = D8BAFEF52A09A12400D49C49 /* QuickMentalMathApp.swift */; };
		D8BAFEF82A09A12400D49C49 /* ContentView.swift in Sources */ = {isa = PBXBuildFile; fileRef = D8BAFEF72A09A12400D49C49 /* ContentView.swift */; };
		D8BAFEFA2A09A12500D49C49 /* Assets.xcassets in Resources */ = {isa = PBXBuildFile; fileRef = D8BAFEF92A09A12500D49C49 /* Assets.xcassets */; };
		D8BAFEFE2A09A12500D49C49 /* Preview Assets.xcassets in Resources */ = {isa = PBXBuildFile; fileRef = D8BAFEFD2A09A12500D49C49 /* Preview Assets.xcassets */; };
		D8BAFF082A09A12500D49C49 /* QuickMentalMathTests.swift in Sources */ = {isa = PBXBuildFile; fileRef = D8BAFF072A09A12500D49C49 /* QuickMentalMathTests.swift */; };
		D8BAFF122A09A12500D49C49 /* QuickMentalMathUITests.swift in Sources */ = {isa = PBXBuildFile; fileRef = D8BAFF112A09A12500D49C49 /* QuickMentalMathUITests.swift */; };
		D8BAFF142A09A12500D49C49 /* QuickMentalMathUITestsLaunchTests.swift in Sources */ = {isa = PBXBuildFile; fileRef = D8BAFF132A09A12500D49C49 /* QuickMentalMathUITestsLaunchTests.swift */; };
		D8ED27692A0E25A700092F56 /* OptionsGroup.swift in Sources */ = {isa = PBXBuildFile; fileRef = D8ED27682A0E25A700092F56 /* OptionsGroup.swift */; };
		D8ED276B2A113DBA00092F56 /* ExtraOptionsView.swift in Sources */ = {isa = PBXBuildFile; fileRef = D8ED276A2A113DBA00092F56 /* ExtraOptionsView.swift */; };
		D8ED276D2A11453300092F56 /* QuestionSlider.swift in Sources */ = {isa = PBXBuildFile; fileRef = D8ED276C2A11453300092F56 /* QuestionSlider.swift */; };
		D8F696B52A13EA2F007DABE8 /* MNISTClassifier.mlmodel in Sources */ = {isa = PBXBuildFile; fileRef = D8F696B42A13EA2F007DABE8 /* MNISTClassifier.mlmodel */; };
/* End PBXBuildFile section */

/* Begin PBXContainerItemProxy section */
		D8BAFF042A09A12500D49C49 /* PBXContainerItemProxy */ = {
			isa = PBXContainerItemProxy;
			containerPortal = D8BAFEEA2A09A12400D49C49 /* Project object */;
			proxyType = 1;
			remoteGlobalIDString = D8BAFEF12A09A12400D49C49;
			remoteInfo = QuickMentalMath;
		};
		D8BAFF0E2A09A12500D49C49 /* PBXContainerItemProxy */ = {
			isa = PBXContainerItemProxy;
			containerPortal = D8BAFEEA2A09A12400D49C49 /* Project object */;
			proxyType = 1;
			remoteGlobalIDString = D8BAFEF12A09A12400D49C49;
			remoteInfo = QuickMentalMath;
		};
/* End PBXContainerItemProxy section */

/* Begin PBXFileReference section */
		D88D27392A2D46D800E0EA63 /* EndGameView.swift */ = {isa = PBXFileReference; lastKnownFileType = sourcecode.swift; path = EndGameView.swift; sourceTree = "<group>"; };
		D88D273B2A2D8AF900E0EA63 /* NunitoSans.ttf */ = {isa = PBXFileReference; lastKnownFileType = file; path = NunitoSans.ttf; sourceTree = "<group>"; };
		D88D273D2A2D8B2C00E0EA63 /* Info.plist */ = {isa = PBXFileReference; lastKnownFileType = text.plist; path = Info.plist; sourceTree = "<group>"; };
		D88D27422A33824800E0EA63 /* MissedQuestionsView.swift */ = {isa = PBXFileReference; lastKnownFileType = sourcecode.swift; path = MissedQuestionsView.swift; sourceTree = "<group>"; };
		D88D27442A35438000E0EA63 /* ProfileView.swift */ = {isa = PBXFileReference; lastKnownFileType = sourcecode.swift; path = ProfileView.swift; sourceTree = "<group>"; };
		D890098F2A1316BB00ED7459 /* GameView.swift */ = {isa = PBXFileReference; lastKnownFileType = sourcecode.swift; path = GameView.swift; sourceTree = "<group>"; };
		D8A455EC2A0DD40D00DCA8DF /* OptionSlider.swift */ = {isa = PBXFileReference; lastKnownFileType = sourcecode.swift; path = OptionSlider.swift; sourceTree = "<group>"; };
		D8BAFEF22A09A12400D49C49 /* QuickMentalMath.app */ = {isa = PBXFileReference; explicitFileType = wrapper.application; includeInIndex = 0; path = QuickMentalMath.app; sourceTree = BUILT_PRODUCTS_DIR; };
		D8BAFEF52A09A12400D49C49 /* QuickMentalMathApp.swift */ = {isa = PBXFileReference; lastKnownFileType = sourcecode.swift; path = QuickMentalMathApp.swift; sourceTree = "<group>"; };
		D8BAFEF72A09A12400D49C49 /* ContentView.swift */ = {isa = PBXFileReference; lastKnownFileType = sourcecode.swift; path = ContentView.swift; sourceTree = "<group>"; };
		D8BAFEF92A09A12500D49C49 /* Assets.xcassets */ = {isa = PBXFileReference; lastKnownFileType = folder.assetcatalog; path = Assets.xcassets; sourceTree = "<group>"; };
		D8BAFEFB2A09A12500D49C49 /* QuickMentalMath.entitlements */ = {isa = PBXFileReference; lastKnownFileType = text.plist.entitlements; path = QuickMentalMath.entitlements; sourceTree = "<group>"; };
		D8BAFEFD2A09A12500D49C49 /* Preview Assets.xcassets */ = {isa = PBXFileReference; lastKnownFileType = folder.assetcatalog; path = "Preview Assets.xcassets"; sourceTree = "<group>"; };
		D8BAFF032A09A12500D49C49 /* QuickMentalMathTests.xctest */ = {isa = PBXFileReference; explicitFileType = wrapper.cfbundle; includeInIndex = 0; path = QuickMentalMathTests.xctest; sourceTree = BUILT_PRODUCTS_DIR; };
		D8BAFF072A09A12500D49C49 /* QuickMentalMathTests.swift */ = {isa = PBXFileReference; lastKnownFileType = sourcecode.swift; path = QuickMentalMathTests.swift; sourceTree = "<group>"; };
		D8BAFF0D2A09A12500D49C49 /* QuickMentalMathUITests.xctest */ = {isa = PBXFileReference; explicitFileType = wrapper.cfbundle; includeInIndex = 0; path = QuickMentalMathUITests.xctest; sourceTree = BUILT_PRODUCTS_DIR; };
		D8BAFF112A09A12500D49C49 /* QuickMentalMathUITests.swift */ = {isa = PBXFileReference; lastKnownFileType = sourcecode.swift; path = QuickMentalMathUITests.swift; sourceTree = "<group>"; };
		D8BAFF132A09A12500D49C49 /* QuickMentalMathUITestsLaunchTests.swift */ = {isa = PBXFileReference; lastKnownFileType = sourcecode.swift; path = QuickMentalMathUITestsLaunchTests.swift; sourceTree = "<group>"; };
		D8ED27682A0E25A700092F56 /* OptionsGroup.swift */ = {isa = PBXFileReference; lastKnownFileType = sourcecode.swift; path = OptionsGroup.swift; sourceTree = "<group>"; };
		D8ED276A2A113DBA00092F56 /* ExtraOptionsView.swift */ = {isa = PBXFileReference; lastKnownFileType = sourcecode.swift; path = ExtraOptionsView.swift; sourceTree = "<group>"; };
		D8ED276C2A11453300092F56 /* QuestionSlider.swift */ = {isa = PBXFileReference; lastKnownFileType = sourcecode.swift; path = QuestionSlider.swift; sourceTree = "<group>"; };
		D8F696B42A13EA2F007DABE8 /* MNISTClassifier.mlmodel */ = {isa = PBXFileReference; lastKnownFileType = file.mlmodel; path = MNISTClassifier.mlmodel; sourceTree = "<group>"; };
/* End PBXFileReference section */

/* Begin PBXFrameworksBuildPhase section */
		D8BAFEEF2A09A12400D49C49 /* Frameworks */ = {
			isa = PBXFrameworksBuildPhase;
			buildActionMask = 2147483647;
			files = (
			);
			runOnlyForDeploymentPostprocessing = 0;
		};
		D8BAFF002A09A12500D49C49 /* Frameworks */ = {
			isa = PBXFrameworksBuildPhase;
			buildActionMask = 2147483647;
			files = (
			);
			runOnlyForDeploymentPostprocessing = 0;
		};
		D8BAFF0A2A09A12500D49C49 /* Frameworks */ = {
			isa = PBXFrameworksBuildPhase;
			buildActionMask = 2147483647;
			files = (
			);
			runOnlyForDeploymentPostprocessing = 0;
		};
/* End PBXFrameworksBuildPhase section */

/* Begin PBXGroup section */
		D8BAFEE92A09A12400D49C49 = {
			isa = PBXGroup;
			children = (
				D8BAFEF42A09A12400D49C49 /* QuickMentalMath */,
				D8BAFF062A09A12500D49C49 /* QuickMentalMathTests */,
				D8BAFF102A09A12500D49C49 /* QuickMentalMathUITests */,
				D8BAFEF32A09A12400D49C49 /* Products */,
			);
			sourceTree = "<group>";
		};
		D8BAFEF32A09A12400D49C49 /* Products */ = {
			isa = PBXGroup;
			children = (
				D8BAFEF22A09A12400D49C49 /* QuickMentalMath.app */,
				D8BAFF032A09A12500D49C49 /* QuickMentalMathTests.xctest */,
				D8BAFF0D2A09A12500D49C49 /* QuickMentalMathUITests.xctest */,
			);
			name = Products;
			sourceTree = "<group>";
		};
		D8BAFEF42A09A12400D49C49 /* QuickMentalMath */ = {
			isa = PBXGroup;
			children = (
				D88D273D2A2D8B2C00E0EA63 /* Info.plist */,
				D8BAFEF52A09A12400D49C49 /* QuickMentalMathApp.swift */,
				D8BAFEF72A09A12400D49C49 /* ContentView.swift */,
				D88D273B2A2D8AF900E0EA63 /* NunitoSans.ttf */,
				D8A455EC2A0DD40D00DCA8DF /* OptionSlider.swift */,
				D8ED27682A0E25A700092F56 /* OptionsGroup.swift */,
				D8BAFEF92A09A12500D49C49 /* Assets.xcassets */,
				D8F696B42A13EA2F007DABE8 /* MNISTClassifier.mlmodel */,
				D8BAFEFB2A09A12500D49C49 /* QuickMentalMath.entitlements */,
				D8BAFEFC2A09A12500D49C49 /* Preview Content */,
				D8ED276A2A113DBA00092F56 /* ExtraOptionsView.swift */,
				D8ED276C2A11453300092F56 /* QuestionSlider.swift */,
				D890098F2A1316BB00ED7459 /* GameView.swift */,
				D88D27392A2D46D800E0EA63 /* EndGameView.swift */,
				D88D27422A33824800E0EA63 /* MissedQuestionsView.swift */,
				D88D27442A35438000E0EA63 /* ProfileView.swift */,
			);
			path = QuickMentalMath;
			sourceTree = "<group>";
		};
		D8BAFEFC2A09A12500D49C49 /* Preview Content */ = {
			isa = PBXGroup;
			children = (
				D8BAFEFD2A09A12500D49C49 /* Preview Assets.xcassets */,
			);
			path = "Preview Content";
			sourceTree = "<group>";
		};
		D8BAFF062A09A12500D49C49 /* QuickMentalMathTests */ = {
			isa = PBXGroup;
			children = (
				D8BAFF072A09A12500D49C49 /* QuickMentalMathTests.swift */,
			);
			path = QuickMentalMathTests;
			sourceTree = "<group>";
		};
		D8BAFF102A09A12500D49C49 /* QuickMentalMathUITests */ = {
			isa = PBXGroup;
			children = (
				D8BAFF112A09A12500D49C49 /* QuickMentalMathUITests.swift */,
				D8BAFF132A09A12500D49C49 /* QuickMentalMathUITestsLaunchTests.swift */,
			);
			path = QuickMentalMathUITests;
			sourceTree = "<group>";
		};
/* End PBXGroup section */

/* Begin PBXNativeTarget section */
		D8BAFEF12A09A12400D49C49 /* QuickMentalMath */ = {
			isa = PBXNativeTarget;
			buildConfigurationList = D8BAFF172A09A12500D49C49 /* Build configuration list for PBXNativeTarget "QuickMentalMath" */;
			buildPhases = (
				D8BAFEEE2A09A12400D49C49 /* Sources */,
				D8BAFEEF2A09A12400D49C49 /* Frameworks */,
				D8BAFEF02A09A12400D49C49 /* Resources */,
			);
			buildRules = (
			);
			dependencies = (
			);
			name = QuickMentalMath;
			productName = QuickMentalMath;
			productReference = D8BAFEF22A09A12400D49C49 /* QuickMentalMath.app */;
			productType = "com.apple.product-type.application";
		};
		D8BAFF022A09A12500D49C49 /* QuickMentalMathTests */ = {
			isa = PBXNativeTarget;
			buildConfigurationList = D8BAFF1A2A09A12500D49C49 /* Build configuration list for PBXNativeTarget "QuickMentalMathTests" */;
			buildPhases = (
				D8BAFEFF2A09A12500D49C49 /* Sources */,
				D8BAFF002A09A12500D49C49 /* Frameworks */,
				D8BAFF012A09A12500D49C49 /* Resources */,
			);
			buildRules = (
			);
			dependencies = (
				D8BAFF052A09A12500D49C49 /* PBXTargetDependency */,
			);
			name = QuickMentalMathTests;
			productName = QuickMentalMathTests;
			productReference = D8BAFF032A09A12500D49C49 /* QuickMentalMathTests.xctest */;
			productType = "com.apple.product-type.bundle.unit-test";
		};
		D8BAFF0C2A09A12500D49C49 /* QuickMentalMathUITests */ = {
			isa = PBXNativeTarget;
			buildConfigurationList = D8BAFF1D2A09A12500D49C49 /* Build configuration list for PBXNativeTarget "QuickMentalMathUITests" */;
			buildPhases = (
				D8BAFF092A09A12500D49C49 /* Sources */,
				D8BAFF0A2A09A12500D49C49 /* Frameworks */,
				D8BAFF0B2A09A12500D49C49 /* Resources */,
			);
			buildRules = (
			);
			dependencies = (
				D8BAFF0F2A09A12500D49C49 /* PBXTargetDependency */,
			);
			name = QuickMentalMathUITests;
			productName = QuickMentalMathUITests;
			productReference = D8BAFF0D2A09A12500D49C49 /* QuickMentalMathUITests.xctest */;
			productType = "com.apple.product-type.bundle.ui-testing";
		};
/* End PBXNativeTarget section */

/* Begin PBXProject section */
		D8BAFEEA2A09A12400D49C49 /* Project object */ = {
			isa = PBXProject;
			attributes = {
				BuildIndependentTargetsInParallel = 1;
				LastSwiftUpdateCheck = 1430;
				LastUpgradeCheck = 1430;
				TargetAttributes = {
					D8BAFEF12A09A12400D49C49 = {
						CreatedOnToolsVersion = 14.3;
					};
					D8BAFF022A09A12500D49C49 = {
						CreatedOnToolsVersion = 14.3;
						TestTargetID = D8BAFEF12A09A12400D49C49;
					};
					D8BAFF0C2A09A12500D49C49 = {
						CreatedOnToolsVersion = 14.3;
						TestTargetID = D8BAFEF12A09A12400D49C49;
					};
				};
			};
			buildConfigurationList = D8BAFEED2A09A12400D49C49 /* Build configuration list for PBXProject "QuickMentalMath" */;
			compatibilityVersion = "Xcode 14.0";
			developmentRegion = en;
			hasScannedForEncodings = 0;
			knownRegions = (
				en,
				Base,
			);
			mainGroup = D8BAFEE92A09A12400D49C49;
			productRefGroup = D8BAFEF32A09A12400D49C49 /* Products */;
			projectDirPath = "";
			projectRoot = "";
			targets = (
				D8BAFEF12A09A12400D49C49 /* QuickMentalMath */,
				D8BAFF022A09A12500D49C49 /* QuickMentalMathTests */,
				D8BAFF0C2A09A12500D49C49 /* QuickMentalMathUITests */,
			);
		};
/* End PBXProject section */

/* Begin PBXResourcesBuildPhase section */
		D8BAFEF02A09A12400D49C49 /* Resources */ = {
			isa = PBXResourcesBuildPhase;
			buildActionMask = 2147483647;
			files = (
				D88D273C2A2D8AF900E0EA63 /* NunitoSans.ttf in Resources */,
				D8BAFEFE2A09A12500D49C49 /* Preview Assets.xcassets in Resources */,
				D8BAFEFA2A09A12500D49C49 /* Assets.xcassets in Resources */,
			);
			runOnlyForDeploymentPostprocessing = 0;
		};
		D8BAFF012A09A12500D49C49 /* Resources */ = {
			isa = PBXResourcesBuildPhase;
			buildActionMask = 2147483647;
			files = (
			);
			runOnlyForDeploymentPostprocessing = 0;
		};
		D8BAFF0B2A09A12500D49C49 /* Resources */ = {
			isa = PBXResourcesBuildPhase;
			buildActionMask = 2147483647;
			files = (
			);
			runOnlyForDeploymentPostprocessing = 0;
		};
/* End PBXResourcesBuildPhase section */

/* Begin PBXSourcesBuildPhase section */
		D8BAFEEE2A09A12400D49C49 /* Sources */ = {
			isa = PBXSourcesBuildPhase;
			buildActionMask = 2147483647;
			files = (
				D8ED276D2A11453300092F56 /* QuestionSlider.swift in Sources */,
				D8ED276B2A113DBA00092F56 /* ExtraOptionsView.swift in Sources */,
				D8BAFEF82A09A12400D49C49 /* ContentView.swift in Sources */,
				D88D273A2A2D46D800E0EA63 /* EndGameView.swift in Sources */,
				D8A455ED2A0DD40D00DCA8DF /* OptionSlider.swift in Sources */,
				D8ED27692A0E25A700092F56 /* OptionsGroup.swift in Sources */,
				D8BAFEF62A09A12400D49C49 /* QuickMentalMathApp.swift in Sources */,
				D88D27432A33824800E0EA63 /* MissedQuestionsView.swift in Sources */,
				D89009902A1316BB00ED7459 /* GameView.swift in Sources */,
				D88D27452A35438000E0EA63 /* ProfileView.swift in Sources */,
				D8F696B52A13EA2F007DABE8 /* MNISTClassifier.mlmodel in Sources */,
			);
			runOnlyForDeploymentPostprocessing = 0;
		};
		D8BAFEFF2A09A12500D49C49 /* Sources */ = {
			isa = PBXSourcesBuildPhase;
			buildActionMask = 2147483647;
			files = (
				D8BAFF082A09A12500D49C49 /* QuickMentalMathTests.swift in Sources */,
			);
			runOnlyForDeploymentPostprocessing = 0;
		};
		D8BAFF092A09A12500D49C49 /* Sources */ = {
			isa = PBXSourcesBuildPhase;
			buildActionMask = 2147483647;
			files = (
				D8BAFF122A09A12500D49C49 /* QuickMentalMathUITests.swift in Sources */,
				D8BAFF142A09A12500D49C49 /* QuickMentalMathUITestsLaunchTests.swift in Sources */,
			);
			runOnlyForDeploymentPostprocessing = 0;
		};
/* End PBXSourcesBuildPhase section */

/* Begin PBXTargetDependency section */
		D8BAFF052A09A12500D49C49 /* PBXTargetDependency */ = {
			isa = PBXTargetDependency;
			target = D8BAFEF12A09A12400D49C49 /* QuickMentalMath */;
			targetProxy = D8BAFF042A09A12500D49C49 /* PBXContainerItemProxy */;
		};
		D8BAFF0F2A09A12500D49C49 /* PBXTargetDependency */ = {
			isa = PBXTargetDependency;
			target = D8BAFEF12A09A12400D49C49 /* QuickMentalMath */;
			targetProxy = D8BAFF0E2A09A12500D49C49 /* PBXContainerItemProxy */;
		};
/* End PBXTargetDependency section */

/* Begin XCBuildConfiguration section */
		D8BAFF152A09A12500D49C49 /* Debug */ = {
			isa = XCBuildConfiguration;
			buildSettings = {
				ALWAYS_SEARCH_USER_PATHS = NO;
				CLANG_ANALYZER_NONNULL = YES;
				CLANG_ANALYZER_NUMBER_OBJECT_CONVERSION = YES_AGGRESSIVE;
				CLANG_CXX_LANGUAGE_STANDARD = "gnu++20";
				CLANG_ENABLE_MODULES = YES;
				CLANG_ENABLE_OBJC_ARC = YES;
				CLANG_ENABLE_OBJC_WEAK = YES;
				CLANG_WARN_BLOCK_CAPTURE_AUTORELEASING = YES;
				CLANG_WARN_BOOL_CONVERSION = YES;
				CLANG_WARN_COMMA = YES;
				CLANG_WARN_CONSTANT_CONVERSION = YES;
				CLANG_WARN_DEPRECATED_OBJC_IMPLEMENTATIONS = YES;
				CLANG_WARN_DIRECT_OBJC_ISA_USAGE = YES_ERROR;
				CLANG_WARN_DOCUMENTATION_COMMENTS = YES;
				CLANG_WARN_EMPTY_BODY = YES;
				CLANG_WARN_ENUM_CONVERSION = YES;
				CLANG_WARN_INFINITE_RECURSION = YES;
				CLANG_WARN_INT_CONVERSION = YES;
				CLANG_WARN_NON_LITERAL_NULL_CONVERSION = YES;
				CLANG_WARN_OBJC_IMPLICIT_RETAIN_SELF = YES;
				CLANG_WARN_OBJC_LITERAL_CONVERSION = YES;
				CLANG_WARN_OBJC_ROOT_CLASS = YES_ERROR;
				CLANG_WARN_QUOTED_INCLUDE_IN_FRAMEWORK_HEADER = YES;
				CLANG_WARN_RANGE_LOOP_ANALYSIS = YES;
				CLANG_WARN_STRICT_PROTOTYPES = YES;
				CLANG_WARN_SUSPICIOUS_MOVE = YES;
				CLANG_WARN_UNGUARDED_AVAILABILITY = YES_AGGRESSIVE;
				CLANG_WARN_UNREACHABLE_CODE = YES;
				CLANG_WARN__DUPLICATE_METHOD_MATCH = YES;
				COPY_PHASE_STRIP = NO;
				DEBUG_INFORMATION_FORMAT = dwarf;
				ENABLE_STRICT_OBJC_MSGSEND = YES;
				ENABLE_TESTABILITY = YES;
				GCC_C_LANGUAGE_STANDARD = gnu11;
				GCC_DYNAMIC_NO_PIC = NO;
				GCC_NO_COMMON_BLOCKS = YES;
				GCC_OPTIMIZATION_LEVEL = 0;
				GCC_PREPROCESSOR_DEFINITIONS = (
					"DEBUG=1",
					"$(inherited)",
				);
				GCC_WARN_64_TO_32_BIT_CONVERSION = YES;
				GCC_WARN_ABOUT_RETURN_TYPE = YES_ERROR;
				GCC_WARN_UNDECLARED_SELECTOR = YES;
				GCC_WARN_UNINITIALIZED_AUTOS = YES_AGGRESSIVE;
				GCC_WARN_UNUSED_FUNCTION = YES;
				GCC_WARN_UNUSED_VARIABLE = YES;
				MTL_ENABLE_DEBUG_INFO = INCLUDE_SOURCE;
				MTL_FAST_MATH = YES;
				ONLY_ACTIVE_ARCH = YES;
				SWIFT_ACTIVE_COMPILATION_CONDITIONS = DEBUG;
				SWIFT_OPTIMIZATION_LEVEL = "-Onone";
			};
			name = Debug;
		};
		D8BAFF162A09A12500D49C49 /* Release */ = {
			isa = XCBuildConfiguration;
			buildSettings = {
				ALWAYS_SEARCH_USER_PATHS = NO;
				CLANG_ANALYZER_NONNULL = YES;
				CLANG_ANALYZER_NUMBER_OBJECT_CONVERSION = YES_AGGRESSIVE;
				CLANG_CXX_LANGUAGE_STANDARD = "gnu++20";
				CLANG_ENABLE_MODULES = YES;
				CLANG_ENABLE_OBJC_ARC = YES;
				CLANG_ENABLE_OBJC_WEAK = YES;
				CLANG_WARN_BLOCK_CAPTURE_AUTORELEASING = YES;
				CLANG_WARN_BOOL_CONVERSION = YES;
				CLANG_WARN_COMMA = YES;
				CLANG_WARN_CONSTANT_CONVERSION = YES;
				CLANG_WARN_DEPRECATED_OBJC_IMPLEMENTATIONS = YES;
				CLANG_WARN_DIRECT_OBJC_ISA_USAGE = YES_ERROR;
				CLANG_WARN_DOCUMENTATION_COMMENTS = YES;
				CLANG_WARN_EMPTY_BODY = YES;
				CLANG_WARN_ENUM_CONVERSION = YES;
				CLANG_WARN_INFINITE_RECURSION = YES;
				CLANG_WARN_INT_CONVERSION = YES;
				CLANG_WARN_NON_LITERAL_NULL_CONVERSION = YES;
				CLANG_WARN_OBJC_IMPLICIT_RETAIN_SELF = YES;
				CLANG_WARN_OBJC_LITERAL_CONVERSION = YES;
				CLANG_WARN_OBJC_ROOT_CLASS = YES_ERROR;
				CLANG_WARN_QUOTED_INCLUDE_IN_FRAMEWORK_HEADER = YES;
				CLANG_WARN_RANGE_LOOP_ANALYSIS = YES;
				CLANG_WARN_STRICT_PROTOTYPES = YES;
				CLANG_WARN_SUSPICIOUS_MOVE = YES;
				CLANG_WARN_UNGUARDED_AVAILABILITY = YES_AGGRESSIVE;
				CLANG_WARN_UNREACHABLE_CODE = YES;
				CLANG_WARN__DUPLICATE_METHOD_MATCH = YES;
				COPY_PHASE_STRIP = NO;
				DEBUG_INFORMATION_FORMAT = "dwarf-with-dsym";
				ENABLE_NS_ASSERTIONS = NO;
				ENABLE_STRICT_OBJC_MSGSEND = YES;
				GCC_C_LANGUAGE_STANDARD = gnu11;
				GCC_NO_COMMON_BLOCKS = YES;
				GCC_WARN_64_TO_32_BIT_CONVERSION = YES;
				GCC_WARN_ABOUT_RETURN_TYPE = YES_ERROR;
				GCC_WARN_UNDECLARED_SELECTOR = YES;
				GCC_WARN_UNINITIALIZED_AUTOS = YES_AGGRESSIVE;
				GCC_WARN_UNUSED_FUNCTION = YES;
				GCC_WARN_UNUSED_VARIABLE = YES;
				MTL_ENABLE_DEBUG_INFO = NO;
				MTL_FAST_MATH = YES;
				SWIFT_COMPILATION_MODE = wholemodule;
				SWIFT_OPTIMIZATION_LEVEL = "-O";
			};
			name = Release;
		};
		D8BAFF182A09A12500D49C49 /* Debug */ = {
			isa = XCBuildConfiguration;
			buildSettings = {
				ASSETCATALOG_COMPILER_APPICON_NAME = AppIcon;
				ASSETCATALOG_COMPILER_GLOBAL_ACCENT_COLOR_NAME = AccentColor;
				CODE_SIGN_ENTITLEMENTS = QuickMentalMath/QuickMentalMath.entitlements;
				CODE_SIGN_STYLE = Automatic;
				CURRENT_PROJECT_VERSION = 1;
				DEVELOPMENT_ASSET_PATHS = "\"QuickMentalMath/Preview Content\"";
				DEVELOPMENT_TEAM = 94VBY346GX;
				ENABLE_HARDENED_RUNTIME = YES;
				ENABLE_PREVIEWS = YES;
				GENERATE_INFOPLIST_FILE = YES;
				INFOPLIST_FILE = QuickMentalMath/Info.plist;
				"INFOPLIST_KEY_UIApplicationSceneManifest_Generation[sdk=iphoneos*]" = YES;
				"INFOPLIST_KEY_UIApplicationSceneManifest_Generation[sdk=iphonesimulator*]" = YES;
				"INFOPLIST_KEY_UIApplicationSupportsIndirectInputEvents[sdk=iphoneos*]" = YES;
				"INFOPLIST_KEY_UIApplicationSupportsIndirectInputEvents[sdk=iphonesimulator*]" = YES;
				"INFOPLIST_KEY_UILaunchScreen_Generation[sdk=iphoneos*]" = YES;
				"INFOPLIST_KEY_UILaunchScreen_Generation[sdk=iphonesimulator*]" = YES;
				INFOPLIST_KEY_UIRequiresFullScreen = YES;
				INFOPLIST_KEY_UIStatusBarStyle = "";
				"INFOPLIST_KEY_UIStatusBarStyle[sdk=iphoneos*]" = UIStatusBarStyleDefault;
				"INFOPLIST_KEY_UIStatusBarStyle[sdk=iphonesimulator*]" = UIStatusBarStyleDefault;
				INFOPLIST_KEY_UISupportedInterfaceOrientations = UIInterfaceOrientationPortrait;
				INFOPLIST_KEY_UISupportedInterfaceOrientations_iPad = "UIInterfaceOrientationLandscapeLeft UIInterfaceOrientationLandscapeRight UIInterfaceOrientationPortrait";
				IPHONEOS_DEPLOYMENT_TARGET = 16.0;
				LD_RUNPATH_SEARCH_PATHS = "@executable_path/Frameworks";
				"LD_RUNPATH_SEARCH_PATHS[sdk=macosx*]" = "@executable_path/../Frameworks";
				MACOSX_DEPLOYMENT_TARGET = 13.0;
				MARKETING_VERSION = 1.0;
				PRODUCT_BUNDLE_IDENTIFIER = andyvu.com.QuickMentalMath;
				PRODUCT_NAME = "$(TARGET_NAME)";
				SDKROOT = auto;
				SUPPORTED_PLATFORMS = "iphoneos iphonesimulator";
				SUPPORTS_MACCATALYST = NO;
				SUPPORTS_MAC_DESIGNED_FOR_IPHONE_IPAD = NO;
				SWIFT_EMIT_LOC_STRINGS = YES;
				SWIFT_VERSION = 5.0;
				TARGETED_DEVICE_FAMILY = "1,2";
			};
			name = Debug;
		};
		D8BAFF192A09A12500D49C49 /* Release */ = {
			isa = XCBuildConfiguration;
			buildSettings = {
				ASSETCATALOG_COMPILER_APPICON_NAME = AppIcon;
				ASSETCATALOG_COMPILER_GLOBAL_ACCENT_COLOR_NAME = AccentColor;
				CODE_SIGN_ENTITLEMENTS = QuickMentalMath/QuickMentalMath.entitlements;
				CODE_SIGN_STYLE = Automatic;
				CURRENT_PROJECT_VERSION = 1;
				DEVELOPMENT_ASSET_PATHS = "\"QuickMentalMath/Preview Content\"";
				DEVELOPMENT_TEAM = 94VBY346GX;
				ENABLE_HARDENED_RUNTIME = YES;
				ENABLE_PREVIEWS = YES;
				GENERATE_INFOPLIST_FILE = YES;
				INFOPLIST_FILE = QuickMentalMath/Info.plist;
				"INFOPLIST_KEY_UIApplicationSceneManifest_Generation[sdk=iphoneos*]" = YES;
				"INFOPLIST_KEY_UIApplicationSceneManifest_Generation[sdk=iphonesimulator*]" = YES;
				"INFOPLIST_KEY_UIApplicationSupportsIndirectInputEvents[sdk=iphoneos*]" = YES;
				"INFOPLIST_KEY_UIApplicationSupportsIndirectInputEvents[sdk=iphonesimulator*]" = YES;
				"INFOPLIST_KEY_UILaunchScreen_Generation[sdk=iphoneos*]" = YES;
				"INFOPLIST_KEY_UILaunchScreen_Generation[sdk=iphonesimulator*]" = YES;
				INFOPLIST_KEY_UIRequiresFullScreen = YES;
				INFOPLIST_KEY_UIStatusBarStyle = "";
				"INFOPLIST_KEY_UIStatusBarStyle[sdk=iphoneos*]" = UIStatusBarStyleDefault;
				"INFOPLIST_KEY_UIStatusBarStyle[sdk=iphonesimulator*]" = UIStatusBarStyleDefault;
				INFOPLIST_KEY_UISupportedInterfaceOrientations = UIInterfaceOrientationPortrait;
				INFOPLIST_KEY_UISupportedInterfaceOrientations_iPad = "UIInterfaceOrientationLandscapeLeft UIInterfaceOrientationLandscapeRight UIInterfaceOrientationPortrait";
				IPHONEOS_DEPLOYMENT_TARGET = 16.0;
				LD_RUNPATH_SEARCH_PATHS = "@executable_path/Frameworks";
				"LD_RUNPATH_SEARCH_PATHS[sdk=macosx*]" = "@executable_path/../Frameworks";
				MACOSX_DEPLOYMENT_TARGET = 13.0;
				MARKETING_VERSION = 1.0;
				PRODUCT_BUNDLE_IDENTIFIER = andyvu.com.QuickMentalMath;
				PRODUCT_NAME = "$(TARGET_NAME)";
				SDKROOT = auto;
				SUPPORTED_PLATFORMS = "iphoneos iphonesimulator";
				SUPPORTS_MACCATALYST = NO;
				SUPPORTS_MAC_DESIGNED_FOR_IPHONE_IPAD = NO;
				SWIFT_EMIT_LOC_STRINGS = YES;
				SWIFT_VERSION = 5.0;
				TARGETED_DEVICE_FAMILY = "1,2";
			};
			name = Release;
		};
		D8BAFF1B2A09A12500D49C49 /* Debug */ = {
			isa = XCBuildConfiguration;
			buildSettings = {
				ALWAYS_EMBED_SWIFT_STANDARD_LIBRARIES = YES;
				BUNDLE_LOADER = "$(TEST_HOST)";
				CODE_SIGN_STYLE = Automatic;
				CURRENT_PROJECT_VERSION = 1;
				DEVELOPMENT_TEAM = 94VBY346GX;
				GENERATE_INFOPLIST_FILE = YES;
				IPHONEOS_DEPLOYMENT_TARGET = 16.4;
				MACOSX_DEPLOYMENT_TARGET = 13.0;
				MARKETING_VERSION = 1.0;
				PRODUCT_BUNDLE_IDENTIFIER = andyvu.com.QuickMentalMathTests;
				PRODUCT_NAME = "$(TARGET_NAME)";
				SDKROOT = auto;
				SUPPORTED_PLATFORMS = "iphoneos iphonesimulator macosx";
				SWIFT_EMIT_LOC_STRINGS = NO;
				SWIFT_VERSION = 5.0;
				TARGETED_DEVICE_FAMILY = "1,2";
				TEST_HOST = "$(BUILT_PRODUCTS_DIR)/QuickMentalMath.app/$(BUNDLE_EXECUTABLE_FOLDER_PATH)/QuickMentalMath";
			};
			name = Debug;
		};
		D8BAFF1C2A09A12500D49C49 /* Release */ = {
			isa = XCBuildConfiguration;
			buildSettings = {
				ALWAYS_EMBED_SWIFT_STANDARD_LIBRARIES = YES;
				BUNDLE_LOADER = "$(TEST_HOST)";
				CODE_SIGN_STYLE = Automatic;
				CURRENT_PROJECT_VERSION = 1;
				DEVELOPMENT_TEAM = 94VBY346GX;
				GENERATE_INFOPLIST_FILE = YES;
				IPHONEOS_DEPLOYMENT_TARGET = 16.4;
				MACOSX_DEPLOYMENT_TARGET = 13.0;
				MARKETING_VERSION = 1.0;
				PRODUCT_BUNDLE_IDENTIFIER = andyvu.com.QuickMentalMathTests;
				PRODUCT_NAME = "$(TARGET_NAME)";
				SDKROOT = auto;
				SUPPORTED_PLATFORMS = "iphoneos iphonesimulator macosx";
				SWIFT_EMIT_LOC_STRINGS = NO;
				SWIFT_VERSION = 5.0;
				TARGETED_DEVICE_FAMILY = "1,2";
				TEST_HOST = "$(BUILT_PRODUCTS_DIR)/QuickMentalMath.app/$(BUNDLE_EXECUTABLE_FOLDER_PATH)/QuickMentalMath";
			};
			name = Release;
		};
		D8BAFF1E2A09A12500D49C49 /* Debug */ = {
			isa = XCBuildConfiguration;
			buildSettings = {
				ALWAYS_EMBED_SWIFT_STANDARD_LIBRARIES = YES;
				CODE_SIGN_STYLE = Automatic;
				CURRENT_PROJECT_VERSION = 1;
				DEVELOPMENT_TEAM = 94VBY346GX;
				GENERATE_INFOPLIST_FILE = YES;
				IPHONEOS_DEPLOYMENT_TARGET = 16.4;
				MACOSX_DEPLOYMENT_TARGET = 13.0;
				MARKETING_VERSION = 1.0;
				PRODUCT_BUNDLE_IDENTIFIER = andyvu.com.QuickMentalMathUITests;
				PRODUCT_NAME = "$(TARGET_NAME)";
				SDKROOT = auto;
				SUPPORTED_PLATFORMS = "iphoneos iphonesimulator macosx";
				SWIFT_EMIT_LOC_STRINGS = NO;
				SWIFT_VERSION = 5.0;
				TARGETED_DEVICE_FAMILY = "1,2";
				TEST_TARGET_NAME = QuickMentalMath;
			};
			name = Debug;
		};
		D8BAFF1F2A09A12500D49C49 /* Release */ = {
			isa = XCBuildConfiguration;
			buildSettings = {
				ALWAYS_EMBED_SWIFT_STANDARD_LIBRARIES = YES;
				CODE_SIGN_STYLE = Automatic;
				CURRENT_PROJECT_VERSION = 1;
				DEVELOPMENT_TEAM = 94VBY346GX;
				GENERATE_INFOPLIST_FILE = YES;
				IPHONEOS_DEPLOYMENT_TARGET = 16.4;
				MACOSX_DEPLOYMENT_TARGET = 13.0;
				MARKETING_VERSION = 1.0;
				PRODUCT_BUNDLE_IDENTIFIER = andyvu.com.QuickMentalMathUITests;
				PRODUCT_NAME = "$(TARGET_NAME)";
				SDKROOT = auto;
				SUPPORTED_PLATFORMS = "iphoneos iphonesimulator macosx";
				SWIFT_EMIT_LOC_STRINGS = NO;
				SWIFT_VERSION = 5.0;
				TARGETED_DEVICE_FAMILY = "1,2";
				TEST_TARGET_NAME = QuickMentalMath;
			};
			name = Release;
		};
/* End XCBuildConfiguration section */

/* Begin XCConfigurationList section */
		D8BAFEED2A09A12400D49C49 /* Build configuration list for PBXProject "QuickMentalMath" */ = {
			isa = XCConfigurationList;
			buildConfigurations = (
				D8BAFF152A09A12500D49C49 /* Debug */,
				D8BAFF162A09A12500D49C49 /* Release */,
			);
			defaultConfigurationIsVisible = 0;
			defaultConfigurationName = Release;
		};
		D8BAFF172A09A12500D49C49 /* Build configuration list for PBXNativeTarget "QuickMentalMath" */ = {
			isa = XCConfigurationList;
			buildConfigurations = (
				D8BAFF182A09A12500D49C49 /* Debug */,
				D8BAFF192A09A12500D49C49 /* Release */,
			);
			defaultConfigurationIsVisible = 0;
			defaultConfigurationName = Release;
		};
		D8BAFF1A2A09A12500D49C49 /* Build configuration list for PBXNativeTarget "QuickMentalMathTests" */ = {
			isa = XCConfigurationList;
			buildConfigurations = (
				D8BAFF1B2A09A12500D49C49 /* Debug */,
				D8BAFF1C2A09A12500D49C49 /* Release */,
			);
			defaultConfigurationIsVisible = 0;
			defaultConfigurationName = Release;
		};
		D8BAFF1D2A09A12500D49C49 /* Build configuration list for PBXNativeTarget "QuickMentalMathUITests" */ = {
			isa = XCConfigurationList;
			buildConfigurations = (
				D8BAFF1E2A09A12500D49C49 /* Debug */,
				D8BAFF1F2A09A12500D49C49 /* Release */,
			);
			defaultConfigurationIsVisible = 0;
			defaultConfigurationName = Release;
		};
/* End XCConfigurationList section */
	};
	rootObject = D8BAFEEA2A09A12400D49C49 /* Project object */;
}
